// !$*UTF8*$!
{
	archiveVersion = 1;
	classes = {
	};
	objectVersion = 46;
	objects = {

/* Begin PBXBuildFile section */
		2E12E65A16C5BD6D00BC0814 /* Foundation.framework in Frameworks */ = {isa = PBXBuildFile; fileRef = 2E12E65916C5BD6D00BC0814 /* Foundation.framework */; };
		2E12E65C16C5BD6D00BC0814 /* UIKit.framework in Frameworks */ = {isa = PBXBuildFile; fileRef = 2E12E65B16C5BD6D00BC0814 /* UIKit.framework */; };
		2E12E66716C5BD6D00BC0814 /* NCMusicGesturesController.m in Sources */ = {isa = PBXBuildFile; fileRef = 2E12E66616C5BD6D00BC0814 /* NCMusicGesturesController.m */; };
		2E12E67716C5BF7400BC0814 /* NSMusicGesturesView.h in Headers */ = {isa = PBXBuildFile; fileRef = 2E12E67516C5BF7400BC0814 /* NSMusicGesturesView.h */; };
		2E12E67816C5BF7400BC0814 /* NSMusicGesturesView.m in Sources */ = {isa = PBXBuildFile; fileRef = 2E12E67616C5BF7400BC0814 /* NSMusicGesturesView.m */; };
		2E12E67B16C5BF8400BC0814 /* UIView+UIViewExtensions.h in Headers */ = {isa = PBXBuildFile; fileRef = 2E12E67916C5BF8400BC0814 /* UIView+UIViewExtensions.h */; };
		2E12E67C16C5BF8400BC0814 /* UIView+UIViewExtensions.m in Sources */ = {isa = PBXBuildFile; fileRef = 2E12E67A16C5BF8400BC0814 /* UIView+UIViewExtensions.m */; };
		2E12E68416C5C03300BC0814 /* CoreGraphics.framework in Frameworks */ = {isa = PBXBuildFile; fileRef = 2E12E68216C5C00400BC0814 /* CoreGraphics.framework */; };
		2E12E68516C5C03C00BC0814 /* MediaPlayer.framework in Frameworks */ = {isa = PBXBuildFile; fileRef = 2E12E68016C5BFFA00BC0814 /* MediaPlayer.framework */; };
/* End PBXBuildFile section */

/* Begin PBXFileReference section */
		2E12E65616C5BD6D00BC0814 /* NCMusicGestures */ = {isa = PBXFileReference; explicitFileType = "compiled.mach-o.dylib"; includeInIndex = 0; path = NCMusicGestures; sourceTree = BUILT_PRODUCTS_DIR; };
		2E12E65916C5BD6D00BC0814 /* Foundation.framework */ = {isa = PBXFileReference; lastKnownFileType = wrapper.framework; name = Foundation.framework; path = System/Library/Frameworks/Foundation.framework; sourceTree = SDKROOT; };
		2E12E65B16C5BD6D00BC0814 /* UIKit.framework */ = {isa = PBXFileReference; lastKnownFileType = wrapper.framework; name = UIKit.framework; path = System/Library/Frameworks/UIKit.framework; sourceTree = SDKROOT; };
		2E12E66016C5BD6D00BC0814 /* control.txt */ = {isa = PBXFileReference; lastKnownFileType = text; name = control.txt; path = Package/DEBIAN/control.txt; sourceTree = "<group>"; };
		2E12E66116C5BD6D00BC0814 /* control */ = {isa = PBXFileReference; lastKnownFileType = text; name = control; path = Package/DEBIAN/control; sourceTree = "<group>"; };
		2E12E66316C5BD6D00BC0814 /* PackageVersion.plist */ = {isa = PBXFileReference; lastKnownFileType = text.plist.xml; path = PackageVersion.plist; sourceTree = "<group>"; };
		2E12E66416C5BD6D00BC0814 /* NCMusicGestures-Prefix.pch */ = {isa = PBXFileReference; lastKnownFileType = sourcecode.c.h; path = "NCMusicGestures-Prefix.pch"; sourceTree = "<group>"; };
		2E12E66516C5BD6D00BC0814 /* NCMusicGesturesController.h */ = {isa = PBXFileReference; lastKnownFileType = sourcecode.c.h; path = NCMusicGesturesController.h; sourceTree = "<group>"; };
		2E12E66616C5BD6D00BC0814 /* NCMusicGesturesController.m */ = {isa = PBXFileReference; lastKnownFileType = sourcecode.c.objc; path = NCMusicGesturesController.m; sourceTree = "<group>"; };
		2E12E66C16C5BD6D00BC0814 /* Info.plist */ = {isa = PBXFileReference; lastKnownFileType = text.plist.xml; name = Info.plist; path = Package/System/Library/WeeAppPlugins/NCMusicGestures.bundle/Info.plist; sourceTree = "<group>"; };
		2E12E66D16C5BD6D00BC0814 /* InfoPlist.strings */ = {isa = PBXFileReference; lastKnownFileType = text.plist.strings; name = InfoPlist.strings; path = Package/System/Library/WeeAppPlugins/NCMusicGestures.bundle/InfoPlist.strings; sourceTree = "<group>"; };
		2E12E66E16C5BD6D00BC0814 /* WeeAppBackground@2x.png */ = {isa = PBXFileReference; lastKnownFileType = image.png; name = "WeeAppBackground@2x.png"; path = "Package/System/Library/WeeAppPlugins/NCMusicGestures.bundle/WeeAppBackground@2x.png"; sourceTree = "<group>"; };
		2E12E66F16C5BD6D00BC0814 /* WeeAppBackground.png */ = {isa = PBXFileReference; lastKnownFileType = image.png; name = WeeAppBackground.png; path = Package/System/Library/WeeAppPlugins/NCMusicGestures.bundle/WeeAppBackground.png; sourceTree = "<group>"; };
		2E12E67516C5BF7400BC0814 /* NSMusicGesturesView.h */ = {isa = PBXFileReference; fileEncoding = 4; lastKnownFileType = sourcecode.c.h; path = NSMusicGesturesView.h; sourceTree = "<group>"; };
		2E12E67616C5BF7400BC0814 /* NSMusicGesturesView.m */ = {isa = PBXFileReference; fileEncoding = 4; lastKnownFileType = sourcecode.c.objc; path = NSMusicGesturesView.m; sourceTree = "<group>"; };
		2E12E67916C5BF8400BC0814 /* UIView+UIViewExtensions.h */ = {isa = PBXFileReference; fileEncoding = 4; lastKnownFileType = sourcecode.c.h; path = "UIView+UIViewExtensions.h"; sourceTree = "<group>"; };
		2E12E67A16C5BF8400BC0814 /* UIView+UIViewExtensions.m */ = {isa = PBXFileReference; fileEncoding = 4; lastKnownFileType = sourcecode.c.objc; path = "UIView+UIViewExtensions.m"; sourceTree = "<group>"; };
		2E12E67D16C5BFAE00BC0814 /* blankalbumart.png */ = {isa = PBXFileReference; lastKnownFileType = image.png; name = blankalbumart.png; path = Package/System/Library/WeeAppPlugins/NCMusicGestures.bundle/blankalbumart.png; sourceTree = "<group>"; };
		2E12E68016C5BFFA00BC0814 /* MediaPlayer.framework */ = {isa = PBXFileReference; lastKnownFileType = wrapper.framework; name = MediaPlayer.framework; path = System/Library/Frameworks/MediaPlayer.framework; sourceTree = SDKROOT; };
		2E12E68216C5C00400BC0814 /* CoreGraphics.framework */ = {isa = PBXFileReference; lastKnownFileType = wrapper.framework; name = CoreGraphics.framework; path = System/Library/Frameworks/CoreGraphics.framework; sourceTree = SDKROOT; };
/* End PBXFileReference section */

/* Begin PBXFrameworksBuildPhase section */
		2E12E65216C5BD6D00BC0814 /* Frameworks */ = {
			isa = PBXFrameworksBuildPhase;
			buildActionMask = 2147483647;
			files = (
				2E12E68516C5C03C00BC0814 /* MediaPlayer.framework in Frameworks */,
				2E12E68416C5C03300BC0814 /* CoreGraphics.framework in Frameworks */,
				2E12E65A16C5BD6D00BC0814 /* Foundation.framework in Frameworks */,
				2E12E65C16C5BD6D00BC0814 /* UIKit.framework in Frameworks */,
			);
			runOnlyForDeploymentPostprocessing = 0;
		};
/* End PBXFrameworksBuildPhase section */

/* Begin PBXGroup section */
		2E12E64C16C5BD6D00BC0814 = {
			isa = PBXGroup;
			children = (
				2E12E65D16C5BD6D00BC0814 /* NCMusicGestures */,
				2E12E65816C5BD6D00BC0814 /* Frameworks */,
				2E12E65716C5BD6D00BC0814 /* Products */,
			);
			sourceTree = "<group>";
		};
		2E12E65716C5BD6D00BC0814 /* Products */ = {
			isa = PBXGroup;
			children = (
				2E12E65616C5BD6D00BC0814 /* NCMusicGestures */,
			);
			name = Products;
			sourceTree = "<group>";
		};
		2E12E65816C5BD6D00BC0814 /* Frameworks */ = {
			isa = PBXGroup;
			children = (
				2E12E65916C5BD6D00BC0814 /* Foundation.framework */,
				2E12E65B16C5BD6D00BC0814 /* UIKit.framework */,
				2E12E68216C5C00400BC0814 /* CoreGraphics.framework */,
				2E12E68016C5BFFA00BC0814 /* MediaPlayer.framework */,
			);
			name = Frameworks;
			sourceTree = "<group>";
		};
		2E12E65D16C5BD6D00BC0814 /* NCMusicGestures */ = {
			isa = PBXGroup;
			children = (
				2E12E66516C5BD6D00BC0814 /* NCMusicGesturesController.h */,
				2E12E66616C5BD6D00BC0814 /* NCMusicGesturesController.m */,
				2E12E67516C5BF7400BC0814 /* NSMusicGesturesView.h */,
				2E12E67616C5BF7400BC0814 /* NSMusicGesturesView.m */,
				2E12E67916C5BF8400BC0814 /* UIView+UIViewExtensions.h */,
				2E12E67A16C5BF8400BC0814 /* UIView+UIViewExtensions.m */,
				2E12E65E16C5BD6D00BC0814 /* Package */,
				2E12E66216C5BD6D00BC0814 /* Supporting Files */,
			);
			path = NCMusicGestures;
			sourceTree = "<group>";
		};
		2E12E65E16C5BD6D00BC0814 /* Package */ = {
			isa = PBXGroup;
			children = (
				2E12E65F16C5BD6D00BC0814 /* DEBIAN */,
				2E12E66816C5BD6D00BC0814 /* System */,
			);
			name = Package;
			sourceTree = "<group>";
		};
		2E12E65F16C5BD6D00BC0814 /* DEBIAN */ = {
			isa = PBXGroup;
			children = (
				2E12E66016C5BD6D00BC0814 /* control.txt */,
				2E12E66116C5BD6D00BC0814 /* control */,
			);
			name = DEBIAN;
			sourceTree = "<group>";
		};
		2E12E66216C5BD6D00BC0814 /* Supporting Files */ = {
			isa = PBXGroup;
			children = (
				2E12E66316C5BD6D00BC0814 /* PackageVersion.plist */,
				2E12E66416C5BD6D00BC0814 /* NCMusicGestures-Prefix.pch */,
			);
			name = "Supporting Files";
			sourceTree = "<group>";
		};
		2E12E66816C5BD6D00BC0814 /* System */ = {
			isa = PBXGroup;
			children = (
				2E12E66916C5BD6D00BC0814 /* Library */,
			);
			name = System;
			sourceTree = "<group>";
		};
		2E12E66916C5BD6D00BC0814 /* Library */ = {
			isa = PBXGroup;
			children = (
				2E12E66A16C5BD6D00BC0814 /* WeeAppPlugins */,
			);
			name = Library;
			sourceTree = "<group>";
		};
		2E12E66A16C5BD6D00BC0814 /* WeeAppPlugins */ = {
			isa = PBXGroup;
			children = (
				2E12E66B16C5BD6D00BC0814 /* ___PACKAGENAME___ */,
			);
			name = WeeAppPlugins;
			sourceTree = "<group>";
		};
		2E12E66B16C5BD6D00BC0814 /* ___PACKAGENAME___ */ = {
			isa = PBXGroup;
			children = (
				2E12E67D16C5BFAE00BC0814 /* blankalbumart.png */,
				2E12E66C16C5BD6D00BC0814 /* Info.plist */,
				2E12E66D16C5BD6D00BC0814 /* InfoPlist.strings */,
				2E12E66E16C5BD6D00BC0814 /* WeeAppBackground@2x.png */,
				2E12E66F16C5BD6D00BC0814 /* WeeAppBackground.png */,
			);
			name = "___PACKAGENAME___";
			sourceTree = "<group>";
		};
/* End PBXGroup section */

/* Begin PBXHeadersBuildPhase section */
		2E12E65316C5BD6D00BC0814 /* Headers */ = {
			isa = PBXHeadersBuildPhase;
			buildActionMask = 2147483647;
			files = (
				2E12E67716C5BF7400BC0814 /* NSMusicGesturesView.h in Headers */,
				2E12E67B16C5BF8400BC0814 /* UIView+UIViewExtensions.h in Headers */,
			);
			runOnlyForDeploymentPostprocessing = 0;
		};
/* End PBXHeadersBuildPhase section */

/* Begin PBXNativeTarget section */
		2E12E65516C5BD6D00BC0814 /* NCMusicGestures */ = {
			isa = PBXNativeTarget;
			buildConfigurationList = 2E12E67216C5BD6D00BC0814 /* Build configuration list for PBXNativeTarget "NCMusicGestures" */;
			buildPhases = (
				2E12E65116C5BD6D00BC0814 /* Sources */,
				2E12E65216C5BD6D00BC0814 /* Frameworks */,
				2E12E65316C5BD6D00BC0814 /* Headers */,
				2E12E65416C5BD6D00BC0814 /* ShellScript */,
			);
			buildRules = (
			);
			dependencies = (
			);
			name = NCMusicGestures;
			productName = NCMusicGestures;
			productReference = 2E12E65616C5BD6D00BC0814 /* NCMusicGestures */;
			productType = "com.apple.product-type.library.dynamic";
		};
/* End PBXNativeTarget section */

/* Begin PBXProject section */
		2E12E64D16C5BD6D00BC0814 /* Project object */ = {
			isa = PBXProject;
			attributes = {
				LastUpgradeCheck = 0460;
			};
			buildConfigurationList = 2E12E65016C5BD6D00BC0814 /* Build configuration list for PBXProject "NCMusicGestures" */;
			compatibilityVersion = "Xcode 3.2";
			developmentRegion = English;
			hasScannedForEncodings = 0;
			knownRegions = (
				en,
			);
			mainGroup = 2E12E64C16C5BD6D00BC0814;
			productRefGroup = 2E12E65716C5BD6D00BC0814 /* Products */;
			projectDirPath = "";
			projectRoot = "";
			targets = (
				2E12E65516C5BD6D00BC0814 /* NCMusicGestures */,
			);
		};
/* End PBXProject section */

/* Begin PBXShellScriptBuildPhase section */
		2E12E65416C5BD6D00BC0814 /* ShellScript */ = {
			isa = PBXShellScriptBuildPhase;
			buildActionMask = 2147483647;
			files = (
			);
			inputPaths = (
			);
			outputPaths = (
			);
			runOnlyForDeploymentPostprocessing = 0;
			shellPath = /bin/sh;
			shellScript = "/opt/iOSOpenDev/bin/iosod --xcbp";
		};
/* End PBXShellScriptBuildPhase section */

/* Begin PBXSourcesBuildPhase section */
		2E12E65116C5BD6D00BC0814 /* Sources */ = {
			isa = PBXSourcesBuildPhase;
			buildActionMask = 2147483647;
			files = (
				2E12E66716C5BD6D00BC0814 /* NCMusicGesturesController.m in Sources */,
				2E12E67816C5BF7400BC0814 /* NSMusicGesturesView.m in Sources */,
				2E12E67C16C5BF8400BC0814 /* UIView+UIViewExtensions.m in Sources */,
			);
			runOnlyForDeploymentPostprocessing = 0;
		};
/* End PBXSourcesBuildPhase section */

/* Begin XCBuildConfiguration section */
		2E12E67016C5BD6D00BC0814 /* Debug */ = {
			isa = XCBuildConfiguration;
			buildSettings = {
				COPY_PHASE_STRIP = NO;
				EXCLUDED_RECURSIVE_SEARCH_PATH_SUBDIRECTORIES = "*.nib *.lproj *.gch (*) .DS_Store CVS .svn .git .hg *.xcodeproj *.xcode *.pbproj *.pbxproj";
				FRAMEWORK_SEARCH_PATHS = (
					"$(iOSOpenDevPath)/frameworks/**",
					"$(SDKROOT)/System/Library/PrivateFrameworks",
				);
				GCC_C_LANGUAGE_STANDARD = gnu99;
				GCC_DYNAMIC_NO_PIC = NO;
				GCC_OPTIMIZATION_LEVEL = 0;
				GCC_PREPROCESSOR_DEFINITIONS = (
					"DEBUG=1",
					"$(inherited)",
				);
				GCC_SYMBOLS_PRIVATE_EXTERN = NO;
				GCC_WARN_ABOUT_MISSING_PROTOTYPES = YES;
				GCC_WARN_ABOUT_RETURN_TYPE = YES;
				GCC_WARN_UNUSED_VARIABLE = YES;
				HEADER_SEARCH_PATHS = "$(iOSOpenDevPath)/include/**";
				IPHONEOS_DEPLOYMENT_TARGET = 6.1;
				LIBRARY_SEARCH_PATHS = "$(iOSOpenDevPath)/lib/**";
				ONLY_ACTIVE_ARCH = YES;
				SDKROOT = iphoneos;
				TARGETED_DEVICE_FAMILY = "1,2";
				VALIDATE_PRODUCT = NO;
				iOSOpenDevPath = /opt/iOSOpenDev;
			};
			name = Debug;
		};
		2E12E67116C5BD6D00BC0814 /* Release */ = {
			isa = XCBuildConfiguration;
			buildSettings = {
				COPY_PHASE_STRIP = YES;
				EXCLUDED_RECURSIVE_SEARCH_PATH_SUBDIRECTORIES = "*.nib *.lproj *.gch (*) .DS_Store CVS .svn .git .hg *.xcodeproj *.xcode *.pbproj *.pbxproj";
				FRAMEWORK_SEARCH_PATHS = (
					"$(iOSOpenDevPath)/frameworks/**",
					"$(SDKROOT)/System/Library/PrivateFrameworks",
				);
				GCC_C_LANGUAGE_STANDARD = gnu99;
				GCC_WARN_ABOUT_MISSING_PROTOTYPES = YES;
				GCC_WARN_ABOUT_RETURN_TYPE = YES;
				GCC_WARN_UNUSED_VARIABLE = YES;
				HEADER_SEARCH_PATHS = "$(iOSOpenDevPath)/include/**";
				IPHONEOS_DEPLOYMENT_TARGET = 6.1;
				LIBRARY_SEARCH_PATHS = "$(iOSOpenDevPath)/lib/**";
				SDKROOT = iphoneos;
				TARGETED_DEVICE_FAMILY = "1,2";
				VALIDATE_PRODUCT = YES;
				iOSOpenDevPath = /opt/iOSOpenDev;
			};
			name = Release;
		};
		2E12E67316C5BD6D00BC0814 /* Debug */ = {
			isa = XCBuildConfiguration;
			buildSettings = {
				CODE_SIGN_IDENTITY = "iPhone Developer: Pat Sluth (L7N9VK63RC)";
				DYLIB_COMPATIBILITY_VERSION = 1;
				DYLIB_CURRENT_VERSION = 1;
				EXECUTABLE_EXTENSION = "";
				EXECUTABLE_NAME = NCMusicGestures;
				FRAMEWORK_SEARCH_PATHS = (
					"$(inherited)",
					"\"$(SDKROOT)$(SYSTEM_LIBRARY_DIR)/PrivateFrameworks\"",
				);
				GCC_PRECOMPILE_PREFIX_HEADER = YES;
				GCC_PREFIX_HEADER = "NCMusicGestures/NCMusicGestures-Prefix.pch";
				INSTALL_PATH = /System/Library/WeeAppPlugins/NCMusicGestures.bundle;
				PRODUCT_NAME = "$(TARGET_NAME)";
				PROVISIONING_PROFILE = "E2E49DEF-12AB-458C-A4DA-02C8AD221D64";
				iOSOpenDevBuildPackageOnAnyBuild = NO;
				iOSOpenDevCopyOnBuild = NO;
				iOSOpenDevDevice = 192.168.0.12;
				iOSOpenDevInstallOnAnyBuild = NO;
				iOSOpenDevInstallOnProfiling = YES;
				iOSOpenDevRespringOnInstall = YES;
				iOSOpenDevUsePackageVersionPList = YES;
			};
			name = Debug;
		};
		2E12E67416C5BD6D00BC0814 /* Release */ = {
			isa = XCBuildConfiguration;
			buildSettings = {
				CODE_SIGN_IDENTITY = "iPhone Developer: Pat Sluth (L7N9VK63RC)";
				DYLIB_COMPATIBILITY_VERSION = 1;
				DYLIB_CURRENT_VERSION = 1;
				EXECUTABLE_EXTENSION = "";
				EXECUTABLE_NAME = NCMusicGestures;
				FRAMEWORK_SEARCH_PATHS = (
					"$(inherited)",
					"\"$(SDKROOT)$(SYSTEM_LIBRARY_DIR)/PrivateFrameworks\"",
				);
				GCC_PRECOMPILE_PREFIX_HEADER = YES;
				GCC_PREFIX_HEADER = "NCMusicGestures/NCMusicGestures-Prefix.pch";
				INSTALL_PATH = /System/Library/WeeAppPlugins/NCMusicGestures.bundle;
				PRODUCT_NAME = "$(TARGET_NAME)";
				PROVISIONING_PROFILE = "E2E49DEF-12AB-458C-A4DA-02C8AD221D64";
				iOSOpenDevBuildPackageOnAnyBuild = NO;
				iOSOpenDevCopyOnBuild = NO;
				iOSOpenDevDevice = 192.168.0.12;
				iOSOpenDevInstallOnAnyBuild = NO;
				iOSOpenDevInstallOnProfiling = YES;
				iOSOpenDevRespringOnInstall = YES;
				iOSOpenDevUsePackageVersionPList = YES;
			};
			name = Release;
		};
/* End XCBuildConfiguration section */

/* Begin XCConfigurationList section */
		2E12E65016C5BD6D00BC0814 /* Build configuration list for PBXProject "NCMusicGestures" */ = {
			isa = XCConfigurationList;
			buildConfigurations = (
				2E12E67016C5BD6D00BC0814 /* Debug */,
				2E12E67116C5BD6D00BC0814 /* Release */,
			);
			defaultConfigurationIsVisible = 0;
			defaultConfigurationName = Release;
		};
		2E12E67216C5BD6D00BC0814 /* Build configuration list for PBXNativeTarget "NCMusicGestures" */ = {
			isa = XCConfigurationList;
			buildConfigurations = (
				2E12E67316C5BD6D00BC0814 /* Debug */,
				2E12E67416C5BD6D00BC0814 /* Release */,
			);
			defaultConfigurationIsVisible = 0;
		};
/* End XCConfigurationList section */
	};
	rootObject = 2E12E64D16C5BD6D00BC0814 /* Project object */;
}
