// !$*UTF8*$!
{
	archiveVersion = 1;
	classes = {
	};
	objectVersion = 46;
	objects = {

/* Begin PBXBuildFile section */
		2E12E65A16C5BD6D00BC0814 /* Foundation.framework in Frameworks */ = {isa = PBXBuildFile; fileRef = 2E12E65916C5BD6D00BC0814 /* Foundation.framework */; };
		2E12E65C16C5BD6D00BC0814 /* UIKit.framework in Frameworks */ = {isa = PBXBuildFile; fileRef = 2E12E65B16C5BD6D00BC0814 /* UIKit.framework */; };
		2E12E66716C5BD6D00BC0814 /* NCMusicGesturesController.m in Sources */ = {isa = PBXBuildFile; fileRef = 2E12E66616C5BD6D00BC0814 /* NCMusicGesturesController.m */; };
		2E12E68416C5C03300BC0814 /* CoreGraphics.framework in Frameworks */ = {isa = PBXBuildFile; fileRef = 2E12E68216C5C00400BC0814 /* CoreGraphics.framework */; };
		2E12E68516C5C03C00BC0814 /* MediaPlayer.framework in Frameworks */ = {isa = PBXBuildFile; fileRef = 2E12E68016C5BFFA00BC0814 /* MediaPlayer.framework */; };
		2E550CB716CDB394008D9F31 /* StringFormatter.h in Headers */ = {isa = PBXBuildFile; fileRef = 2E550CB116CDB394008D9F31 /* StringFormatter.h */; };
		2E550CB816CDB394008D9F31 /* StringFormatter.m in Sources */ = {isa = PBXBuildFile; fileRef = 2E550CB216CDB394008D9F31 /* StringFormatter.m */; };
		2E550CB916CDB394008D9F31 /* UISliderCustom.h in Headers */ = {isa = PBXBuildFile; fileRef = 2E550CB316CDB394008D9F31 /* UISliderCustom.h */; };
		2E550CBA16CDB394008D9F31 /* UISliderCustom.m in Sources */ = {isa = PBXBuildFile; fileRef = 2E550CB416CDB394008D9F31 /* UISliderCustom.m */; };
		2E550CBB16CDB394008D9F31 /* UIView+UIViewExtensions.h in Headers */ = {isa = PBXBuildFile; fileRef = 2E550CB516CDB394008D9F31 /* UIView+UIViewExtensions.h */; };
		2E550CBC16CDB394008D9F31 /* UIView+UIViewExtensions.m in Sources */ = {isa = PBXBuildFile; fileRef = 2E550CB616CDB394008D9F31 /* UIView+UIViewExtensions.m */; };
		2E550CC316CDB3A3008D9F31 /* NCMusicGesturesHeader.h in Headers */ = {isa = PBXBuildFile; fileRef = 2E550CBD16CDB3A3008D9F31 /* NCMusicGesturesHeader.h */; };
		2E550CC416CDB3A3008D9F31 /* NCMusicGesturesHeader.m in Sources */ = {isa = PBXBuildFile; fileRef = 2E550CBE16CDB3A3008D9F31 /* NCMusicGesturesHeader.m */; };
		2E550CC516CDB3A3008D9F31 /* NCMusicGesturesHeaderPageOne.h in Headers */ = {isa = PBXBuildFile; fileRef = 2E550CBF16CDB3A3008D9F31 /* NCMusicGesturesHeaderPageOne.h */; };
		2E550CC616CDB3A3008D9F31 /* NCMusicGesturesHeaderPageOne.m in Sources */ = {isa = PBXBuildFile; fileRef = 2E550CC016CDB3A3008D9F31 /* NCMusicGesturesHeaderPageOne.m */; };
		2E550CC716CDB3A3008D9F31 /* NCMusicGesturesHeaderPageTwo.h in Headers */ = {isa = PBXBuildFile; fileRef = 2E550CC116CDB3A3008D9F31 /* NCMusicGesturesHeaderPageTwo.h */; };
		2E550CC816CDB3A3008D9F31 /* NCMusicGesturesHeaderPageTwo.m in Sources */ = {isa = PBXBuildFile; fileRef = 2E550CC216CDB3A3008D9F31 /* NCMusicGesturesHeaderPageTwo.m */; };
		2E550CCB16CDB3B3008D9F31 /* NCMusicGesturesView.h in Headers */ = {isa = PBXBuildFile; fileRef = 2E550CC916CDB3B3008D9F31 /* NCMusicGesturesView.h */; };
		2E550CCC16CDB3B3008D9F31 /* NCMusicGesturesView.m in Sources */ = {isa = PBXBuildFile; fileRef = 2E550CCA16CDB3B3008D9F31 /* NCMusicGesturesView.m */; };
		2E550CCF16CDB4EF008D9F31 /* Social.framework in Frameworks */ = {isa = PBXBuildFile; fileRef = 2E550CCD16CDB4E7008D9F31 /* Social.framework */; };
		2E550CD216CDB638008D9F31 /* UIImage+UIImageExtensions.h in Headers */ = {isa = PBXBuildFile; fileRef = 2E550CD016CDB638008D9F31 /* UIImage+UIImageExtensions.h */; };
		2E550CD316CDB638008D9F31 /* UIImage+UIImageExtensions.m in Sources */ = {isa = PBXBuildFile; fileRef = 2E550CD116CDB638008D9F31 /* UIImage+UIImageExtensions.m */; };
/* End PBXBuildFile section */

/* Begin PBXFileReference section */
		2E12E65616C5BD6D00BC0814 /* NCMusicGestures */ = {isa = PBXFileReference; explicitFileType = "compiled.mach-o.dylib"; includeInIndex = 0; path = NCMusicGestures; sourceTree = BUILT_PRODUCTS_DIR; };
		2E12E65916C5BD6D00BC0814 /* Foundation.framework */ = {isa = PBXFileReference; lastKnownFileType = wrapper.framework; name = Foundation.framework; path = System/Library/Frameworks/Foundation.framework; sourceTree = SDKROOT; };
		2E12E65B16C5BD6D00BC0814 /* UIKit.framework */ = {isa = PBXFileReference; lastKnownFileType = wrapper.framework; name = UIKit.framework; path = System/Library/Frameworks/UIKit.framework; sourceTree = SDKROOT; };
		2E12E66016C5BD6D00BC0814 /* control.txt */ = {isa = PBXFileReference; lastKnownFileType = text; name = control.txt; path = Package/DEBIAN/control.txt; sourceTree = "<group>"; };
		2E12E66116C5BD6D00BC0814 /* control */ = {isa = PBXFileReference; lastKnownFileType = text; name = control; path = Package/DEBIAN/control; sourceTree = "<group>"; };
		2E12E66316C5BD6D00BC0814 /* PackageVersion.plist */ = {isa = PBXFileReference; lastKnownFileType = text.plist.xml; path = PackageVersion.plist; sourceTree = "<group>"; };
		2E12E66416C5BD6D00BC0814 /* NCMusicGestures-Prefix.pch */ = {isa = PBXFileReference; lastKnownFileType = sourcecode.c.h; path = "NCMusicGestures-Prefix.pch"; sourceTree = "<group>"; };
		2E12E66516C5BD6D00BC0814 /* NCMusicGesturesController.h */ = {isa = PBXFileReference; lastKnownFileType = sourcecode.c.h; path = NCMusicGesturesController.h; sourceTree = "<group>"; };
		2E12E66616C5BD6D00BC0814 /* NCMusicGesturesController.m */ = {isa = PBXFileReference; lastKnownFileType = sourcecode.c.objc; path = NCMusicGesturesController.m; sourceTree = "<group>"; };
		2E12E66C16C5BD6D00BC0814 /* Info.plist */ = {isa = PBXFileReference; lastKnownFileType = text.plist.xml; name = Info.plist; path = Package/System/Library/WeeAppPlugins/NCMusicGestures.bundle/Info.plist; sourceTree = "<group>"; };
		2E12E66D16C5BD6D00BC0814 /* InfoPlist.strings */ = {isa = PBXFileReference; lastKnownFileType = text.plist.strings; name = InfoPlist.strings; path = Package/System/Library/WeeAppPlugins/NCMusicGestures.bundle/InfoPlist.strings; sourceTree = "<group>"; };
		2E12E68016C5BFFA00BC0814 /* MediaPlayer.framework */ = {isa = PBXFileReference; lastKnownFileType = wrapper.framework; name = MediaPlayer.framework; path = System/Library/Frameworks/MediaPlayer.framework; sourceTree = SDKROOT; };
		2E12E68216C5C00400BC0814 /* CoreGraphics.framework */ = {isa = PBXFileReference; lastKnownFileType = wrapper.framework; name = CoreGraphics.framework; path = System/Library/Frameworks/CoreGraphics.framework; sourceTree = SDKROOT; };
		2E550C9416CDB2AA008D9F31 /* cddisc.png */ = {isa = PBXFileReference; lastKnownFileType = image.png; name = cddisc.png; path = Package/System/Library/WeeAppPlugins/NCMusicGestures.bundle/cddisc.png; sourceTree = "<group>"; };
		2E550C9516CDB2AA008D9F31 /* cddisc@2x.png */ = {isa = PBXFileReference; lastKnownFileType = image.png; name = "cddisc@2x.png"; path = "Package/System/Library/WeeAppPlugins/NCMusicGestures.bundle/cddisc@2x.png"; sourceTree = "<group>"; };
		2E550C9616CDB2AA008D9F31 /* grey_facebook.png */ = {isa = PBXFileReference; lastKnownFileType = image.png; name = grey_facebook.png; path = Package/System/Library/WeeAppPlugins/NCMusicGestures.bundle/grey_facebook.png; sourceTree = "<group>"; };
		2E550C9716CDB2AA008D9F31 /* grey_facebook@2x.png */ = {isa = PBXFileReference; lastKnownFileType = image.png; name = "grey_facebook@2x.png"; path = "Package/System/Library/WeeAppPlugins/NCMusicGestures.bundle/grey_facebook@2x.png"; sourceTree = "<group>"; };
		2E550C9816CDB2AA008D9F31 /* grey_repeat.png */ = {isa = PBXFileReference; lastKnownFileType = image.png; name = grey_repeat.png; path = Package/System/Library/WeeAppPlugins/NCMusicGestures.bundle/grey_repeat.png; sourceTree = "<group>"; };
		2E550C9916CDB2AA008D9F31 /* grey_repeat@2x.png */ = {isa = PBXFileReference; lastKnownFileType = image.png; name = "grey_repeat@2x.png"; path = "Package/System/Library/WeeAppPlugins/NCMusicGestures.bundle/grey_repeat@2x.png"; sourceTree = "<group>"; };
		2E550C9A16CDB2AA008D9F31 /* grey_shuffle.png */ = {isa = PBXFileReference; lastKnownFileType = image.png; name = grey_shuffle.png; path = Package/System/Library/WeeAppPlugins/NCMusicGestures.bundle/grey_shuffle.png; sourceTree = "<group>"; };
		2E550C9B16CDB2AA008D9F31 /* grey_shuffle@2x.png */ = {isa = PBXFileReference; lastKnownFileType = image.png; name = "grey_shuffle@2x.png"; path = "Package/System/Library/WeeAppPlugins/NCMusicGestures.bundle/grey_shuffle@2x.png"; sourceTree = "<group>"; };
		2E550C9C16CDB2AA008D9F31 /* grey_twitter.png */ = {isa = PBXFileReference; lastKnownFileType = image.png; name = grey_twitter.png; path = Package/System/Library/WeeAppPlugins/NCMusicGestures.bundle/grey_twitter.png; sourceTree = "<group>"; };
		2E550C9D16CDB2AA008D9F31 /* grey_twitter@2x.png */ = {isa = PBXFileReference; lastKnownFileType = image.png; name = "grey_twitter@2x.png"; path = "Package/System/Library/WeeAppPlugins/NCMusicGestures.bundle/grey_twitter@2x.png"; sourceTree = "<group>"; };
		2E550C9E16CDB2AA008D9F31 /* WeeAppBackground.png */ = {isa = PBXFileReference; lastKnownFileType = image.png; name = WeeAppBackground.png; path = Package/System/Library/WeeAppPlugins/NCMusicGestures.bundle/WeeAppBackground.png; sourceTree = "<group>"; };
		2E550C9F16CDB2AA008D9F31 /* WeeAppBackground@2x.png */ = {isa = PBXFileReference; lastKnownFileType = image.png; name = "WeeAppBackground@2x.png"; path = "Package/System/Library/WeeAppPlugins/NCMusicGestures.bundle/WeeAppBackground@2x.png"; sourceTree = "<group>"; };
		2E550CA016CDB2AA008D9F31 /* white_cloud.png */ = {isa = PBXFileReference; lastKnownFileType = image.png; name = white_cloud.png; path = Package/System/Library/WeeAppPlugins/NCMusicGestures.bundle/white_cloud.png; sourceTree = "<group>"; };
		2E550CA116CDB2AA008D9F31 /* white_cloud@2x.png */ = {isa = PBXFileReference; lastKnownFileType = image.png; name = "white_cloud@2x.png"; path = "Package/System/Library/WeeAppPlugins/NCMusicGestures.bundle/white_cloud@2x.png"; sourceTree = "<group>"; };
		2E550CA216CDB2AA008D9F31 /* white_donate.png */ = {isa = PBXFileReference; lastKnownFileType = image.png; name = white_donate.png; path = Package/System/Library/WeeAppPlugins/NCMusicGestures.bundle/white_donate.png; sourceTree = "<group>"; };
		2E550CA316CDB2AA008D9F31 /* white_donate@2x.png */ = {isa = PBXFileReference; lastKnownFileType = image.png; name = "white_donate@2x.png"; path = "Package/System/Library/WeeAppPlugins/NCMusicGestures.bundle/white_donate@2x.png"; sourceTree = "<group>"; };
		2E550CA416CDB2AA008D9F31 /* white_facebook.png */ = {isa = PBXFileReference; lastKnownFileType = image.png; name = white_facebook.png; path = Package/System/Library/WeeAppPlugins/NCMusicGestures.bundle/white_facebook.png; sourceTree = "<group>"; };
		2E550CA516CDB2AA008D9F31 /* white_facebook@2x.png */ = {isa = PBXFileReference; lastKnownFileType = image.png; name = "white_facebook@2x.png"; path = "Package/System/Library/WeeAppPlugins/NCMusicGestures.bundle/white_facebook@2x.png"; sourceTree = "<group>"; };
		2E550CA616CDB2AA008D9F31 /* white_repeat_one.png */ = {isa = PBXFileReference; lastKnownFileType = image.png; name = white_repeat_one.png; path = Package/System/Library/WeeAppPlugins/NCMusicGestures.bundle/white_repeat_one.png; sourceTree = "<group>"; };
		2E550CA716CDB2AA008D9F31 /* white_repeat_one@2x.png */ = {isa = PBXFileReference; lastKnownFileType = image.png; name = "white_repeat_one@2x.png"; path = "Package/System/Library/WeeAppPlugins/NCMusicGestures.bundle/white_repeat_one@2x.png"; sourceTree = "<group>"; };
		2E550CA816CDB2AA008D9F31 /* white_repeat.png */ = {isa = PBXFileReference; lastKnownFileType = image.png; name = white_repeat.png; path = Package/System/Library/WeeAppPlugins/NCMusicGestures.bundle/white_repeat.png; sourceTree = "<group>"; };
		2E550CA916CDB2AA008D9F31 /* white_repeat@2x.png */ = {isa = PBXFileReference; lastKnownFileType = image.png; name = "white_repeat@2x.png"; path = "Package/System/Library/WeeAppPlugins/NCMusicGestures.bundle/white_repeat@2x.png"; sourceTree = "<group>"; };
		2E550CAA16CDB2AA008D9F31 /* white_shuffle.png */ = {isa = PBXFileReference; lastKnownFileType = image.png; name = white_shuffle.png; path = Package/System/Library/WeeAppPlugins/NCMusicGestures.bundle/white_shuffle.png; sourceTree = "<group>"; };
		2E550CAB16CDB2AA008D9F31 /* white_shuffle@2x.png */ = {isa = PBXFileReference; lastKnownFileType = image.png; name = "white_shuffle@2x.png"; path = "Package/System/Library/WeeAppPlugins/NCMusicGestures.bundle/white_shuffle@2x.png"; sourceTree = "<group>"; };
		2E550CAC16CDB2AA008D9F31 /* white_twitter.png */ = {isa = PBXFileReference; lastKnownFileType = image.png; name = white_twitter.png; path = Package/System/Library/WeeAppPlugins/NCMusicGestures.bundle/white_twitter.png; sourceTree = "<group>"; };
		2E550CAD16CDB2AA008D9F31 /* white_twitter@2x.png */ = {isa = PBXFileReference; lastKnownFileType = image.png; name = "white_twitter@2x.png"; path = "Package/System/Library/WeeAppPlugins/NCMusicGestures.bundle/white_twitter@2x.png"; sourceTree = "<group>"; };
		2E550CB116CDB394008D9F31 /* StringFormatter.h */ = {isa = PBXFileReference; fileEncoding = 4; lastKnownFileType = sourcecode.c.h; path = StringFormatter.h; sourceTree = "<group>"; };
		2E550CB216CDB394008D9F31 /* StringFormatter.m */ = {isa = PBXFileReference; fileEncoding = 4; lastKnownFileType = sourcecode.c.objc; path = StringFormatter.m; sourceTree = "<group>"; };
		2E550CB316CDB394008D9F31 /* UISliderCustom.h */ = {isa = PBXFileReference; fileEncoding = 4; lastKnownFileType = sourcecode.c.h; path = UISliderCustom.h; sourceTree = "<group>"; };
		2E550CB416CDB394008D9F31 /* UISliderCustom.m */ = {isa = PBXFileReference; fileEncoding = 4; lastKnownFileType = sourcecode.c.objc; path = UISliderCustom.m; sourceTree = "<group>"; };
		2E550CB516CDB394008D9F31 /* UIView+UIViewExtensions.h */ = {isa = PBXFileReference; fileEncoding = 4; lastKnownFileType = sourcecode.c.h; path = "UIView+UIViewExtensions.h"; sourceTree = "<group>"; };
		2E550CB616CDB394008D9F31 /* UIView+UIViewExtensions.m */ = {isa = PBXFileReference; fileEncoding = 4; lastKnownFileType = sourcecode.c.objc; path = "UIView+UIViewExtensions.m"; sourceTree = "<group>"; };
		2E550CBD16CDB3A3008D9F31 /* NCMusicGesturesHeader.h */ = {isa = PBXFileReference; fileEncoding = 4; lastKnownFileType = sourcecode.c.h; path = NCMusicGesturesHeader.h; sourceTree = "<group>"; };
		2E550CBE16CDB3A3008D9F31 /* NCMusicGesturesHeader.m */ = {isa = PBXFileReference; fileEncoding = 4; lastKnownFileType = sourcecode.c.objc; path = NCMusicGesturesHeader.m; sourceTree = "<group>"; };
		2E550CBF16CDB3A3008D9F31 /* NCMusicGesturesHeaderPageOne.h */ = {isa = PBXFileReference; fileEncoding = 4; lastKnownFileType = sourcecode.c.h; path = NCMusicGesturesHeaderPageOne.h; sourceTree = "<group>"; };
		2E550CC016CDB3A3008D9F31 /* NCMusicGesturesHeaderPageOne.m */ = {isa = PBXFileReference; fileEncoding = 4; lastKnownFileType = sourcecode.c.objc; path = NCMusicGesturesHeaderPageOne.m; sourceTree = "<group>"; };
		2E550CC116CDB3A3008D9F31 /* NCMusicGesturesHeaderPageTwo.h */ = {isa = PBXFileReference; fileEncoding = 4; lastKnownFileType = sourcecode.c.h; path = NCMusicGesturesHeaderPageTwo.h; sourceTree = "<group>"; };
		2E550CC216CDB3A3008D9F31 /* NCMusicGesturesHeaderPageTwo.m */ = {isa = PBXFileReference; fileEncoding = 4; lastKnownFileType = sourcecode.c.objc; path = NCMusicGesturesHeaderPageTwo.m; sourceTree = "<group>"; };
		2E550CC916CDB3B3008D9F31 /* NCMusicGesturesView.h */ = {isa = PBXFileReference; fileEncoding = 4; lastKnownFileType = sourcecode.c.h; path = NCMusicGesturesView.h; sourceTree = "<group>"; };
		2E550CCA16CDB3B3008D9F31 /* NCMusicGesturesView.m */ = {isa = PBXFileReference; fileEncoding = 4; lastKnownFileType = sourcecode.c.objc; path = NCMusicGesturesView.m; sourceTree = "<group>"; };
		2E550CCD16CDB4E7008D9F31 /* Social.framework */ = {isa = PBXFileReference; lastKnownFileType = wrapper.framework; name = Social.framework; path = System/Library/Frameworks/Social.framework; sourceTree = SDKROOT; };
		2E550CD016CDB638008D9F31 /* UIImage+UIImageExtensions.h */ = {isa = PBXFileReference; fileEncoding = 4; lastKnownFileType = sourcecode.c.h; path = "UIImage+UIImageExtensions.h"; sourceTree = "<group>"; };
		2E550CD116CDB638008D9F31 /* UIImage+UIImageExtensions.m */ = {isa = PBXFileReference; fileEncoding = 4; lastKnownFileType = sourcecode.c.objc; path = "UIImage+UIImageExtensions.m"; sourceTree = "<group>"; };
/* End PBXFileReference section */

/* Begin PBXFrameworksBuildPhase section */
		2E12E65216C5BD6D00BC0814 /* Frameworks */ = {
			isa = PBXFrameworksBuildPhase;
			buildActionMask = 2147483647;
			files = (
				2E550CCF16CDB4EF008D9F31 /* Social.framework in Frameworks */,
				2E12E68516C5C03C00BC0814 /* MediaPlayer.framework in Frameworks */,
				2E12E68416C5C03300BC0814 /* CoreGraphics.framework in Frameworks */,
				2E12E65A16C5BD6D00BC0814 /* Foundation.framework in Frameworks */,
				2E12E65C16C5BD6D00BC0814 /* UIKit.framework in Frameworks */,
			);
			runOnlyForDeploymentPostprocessing = 0;
		};
/* End PBXFrameworksBuildPhase section */

/* Begin PBXGroup section */
		2E12E64C16C5BD6D00BC0814 = {
			isa = PBXGroup;
			children = (
				2E12E65D16C5BD6D00BC0814 /* NCMusicGestures */,
				2E12E65816C5BD6D00BC0814 /* Frameworks */,
				2E12E65716C5BD6D00BC0814 /* Products */,
			);
			sourceTree = "<group>";
		};
		2E12E65716C5BD6D00BC0814 /* Products */ = {
			isa = PBXGroup;
			children = (
				2E12E65616C5BD6D00BC0814 /* NCMusicGestures */,
			);
			name = Products;
			sourceTree = "<group>";
		};
		2E12E65816C5BD6D00BC0814 /* Frameworks */ = {
			isa = PBXGroup;
			children = (
				2E550CCD16CDB4E7008D9F31 /* Social.framework */,
				2E12E65916C5BD6D00BC0814 /* Foundation.framework */,
				2E12E65B16C5BD6D00BC0814 /* UIKit.framework */,
				2E12E68216C5C00400BC0814 /* CoreGraphics.framework */,
				2E12E68016C5BFFA00BC0814 /* MediaPlayer.framework */,
			);
			name = Frameworks;
			sourceTree = "<group>";
		};
		2E12E65D16C5BD6D00BC0814 /* NCMusicGestures */ = {
			isa = PBXGroup;
			children = (
				2E12E66516C5BD6D00BC0814 /* NCMusicGesturesController.h */,
				2E12E66616C5BD6D00BC0814 /* NCMusicGesturesController.m */,
				2E550CAE16CDB351008D9F31 /* Custom */,
				2E12E65E16C5BD6D00BC0814 /* Package */,
				2E12E66216C5BD6D00BC0814 /* Supporting Files */,
			);
			path = NCMusicGestures;
			sourceTree = "<group>";
		};
		2E12E65E16C5BD6D00BC0814 /* Package */ = {
			isa = PBXGroup;
			children = (
				2E12E65F16C5BD6D00BC0814 /* DEBIAN */,
				2E12E66816C5BD6D00BC0814 /* System */,
			);
			name = Package;
			sourceTree = "<group>";
		};
		2E12E65F16C5BD6D00BC0814 /* DEBIAN */ = {
			isa = PBXGroup;
			children = (
				2E12E66016C5BD6D00BC0814 /* control.txt */,
				2E12E66116C5BD6D00BC0814 /* control */,
			);
			name = DEBIAN;
			sourceTree = "<group>";
		};
		2E12E66216C5BD6D00BC0814 /* Supporting Files */ = {
			isa = PBXGroup;
			children = (
				2E12E66316C5BD6D00BC0814 /* PackageVersion.plist */,
				2E12E66416C5BD6D00BC0814 /* NCMusicGestures-Prefix.pch */,
			);
			name = "Supporting Files";
			sourceTree = "<group>";
		};
		2E12E66816C5BD6D00BC0814 /* System */ = {
			isa = PBXGroup;
			children = (
				2E12E66916C5BD6D00BC0814 /* Library */,
			);
			name = System;
			sourceTree = "<group>";
		};
		2E12E66916C5BD6D00BC0814 /* Library */ = {
			isa = PBXGroup;
			children = (
				2E12E66A16C5BD6D00BC0814 /* WeeAppPlugins */,
			);
			name = Library;
			sourceTree = "<group>";
		};
		2E12E66A16C5BD6D00BC0814 /* WeeAppPlugins */ = {
			isa = PBXGroup;
			children = (
				2E12E66B16C5BD6D00BC0814 /* ___PACKAGENAME___ */,
			);
			name = WeeAppPlugins;
			sourceTree = "<group>";
		};
		2E12E66B16C5BD6D00BC0814 /* ___PACKAGENAME___ */ = {
			isa = PBXGroup;
			children = (
				2E550C9416CDB2AA008D9F31 /* cddisc.png */,
				2E550C9516CDB2AA008D9F31 /* cddisc@2x.png */,
				2E550C9616CDB2AA008D9F31 /* grey_facebook.png */,
				2E550C9716CDB2AA008D9F31 /* grey_facebook@2x.png */,
				2E550C9816CDB2AA008D9F31 /* grey_repeat.png */,
				2E550C9916CDB2AA008D9F31 /* grey_repeat@2x.png */,
				2E550C9A16CDB2AA008D9F31 /* grey_shuffle.png */,
				2E550C9B16CDB2AA008D9F31 /* grey_shuffle@2x.png */,
				2E550C9C16CDB2AA008D9F31 /* grey_twitter.png */,
				2E550C9D16CDB2AA008D9F31 /* grey_twitter@2x.png */,
				2E550C9E16CDB2AA008D9F31 /* WeeAppBackground.png */,
				2E550C9F16CDB2AA008D9F31 /* WeeAppBackground@2x.png */,
				2E550CA016CDB2AA008D9F31 /* white_cloud.png */,
				2E550CA116CDB2AA008D9F31 /* white_cloud@2x.png */,
				2E550CA216CDB2AA008D9F31 /* white_donate.png */,
				2E550CA316CDB2AA008D9F31 /* white_donate@2x.png */,
				2E550CA416CDB2AA008D9F31 /* white_facebook.png */,
				2E550CA516CDB2AA008D9F31 /* white_facebook@2x.png */,
				2E550CA616CDB2AA008D9F31 /* white_repeat_one.png */,
				2E550CA716CDB2AA008D9F31 /* white_repeat_one@2x.png */,
				2E550CA816CDB2AA008D9F31 /* white_repeat.png */,
				2E550CA916CDB2AA008D9F31 /* white_repeat@2x.png */,
				2E550CAA16CDB2AA008D9F31 /* white_shuffle.png */,
				2E550CAB16CDB2AA008D9F31 /* white_shuffle@2x.png */,
				2E550CAC16CDB2AA008D9F31 /* white_twitter.png */,
				2E550CAD16CDB2AA008D9F31 /* white_twitter@2x.png */,
				2E12E66C16C5BD6D00BC0814 /* Info.plist */,
				2E12E66D16C5BD6D00BC0814 /* InfoPlist.strings */,
			);
			name = "___PACKAGENAME___";
			sourceTree = "<group>";
		};
		2E550CAE16CDB351008D9F31 /* Custom */ = {
			isa = PBXGroup;
			children = (
				2E550CC916CDB3B3008D9F31 /* NCMusicGesturesView.h */,
				2E550CCA16CDB3B3008D9F31 /* NCMusicGesturesView.m */,
				2E550CB016CDB380008D9F31 /* Header */,
				2E550CAF16CDB360008D9F31 /* Helper */,
			);
			name = Custom;
			sourceTree = "<group>";
		};
		2E550CAF16CDB360008D9F31 /* Helper */ = {
			isa = PBXGroup;
			children = (
				2E550CB116CDB394008D9F31 /* StringFormatter.h */,
				2E550CB216CDB394008D9F31 /* StringFormatter.m */,
				2E550CB316CDB394008D9F31 /* UISliderCustom.h */,
				2E550CB416CDB394008D9F31 /* UISliderCustom.m */,
				2E550CB516CDB394008D9F31 /* UIView+UIViewExtensions.h */,
				2E550CB616CDB394008D9F31 /* UIView+UIViewExtensions.m */,
				2E550CD016CDB638008D9F31 /* UIImage+UIImageExtensions.h */,
				2E550CD116CDB638008D9F31 /* UIImage+UIImageExtensions.m */,
			);
			name = Helper;
			sourceTree = "<group>";
		};
		2E550CB016CDB380008D9F31 /* Header */ = {
			isa = PBXGroup;
			children = (
				2E550CBD16CDB3A3008D9F31 /* NCMusicGesturesHeader.h */,
				2E550CBE16CDB3A3008D9F31 /* NCMusicGesturesHeader.m */,
				2E550CBF16CDB3A3008D9F31 /* NCMusicGesturesHeaderPageOne.h */,
				2E550CC016CDB3A3008D9F31 /* NCMusicGesturesHeaderPageOne.m */,
				2E550CC116CDB3A3008D9F31 /* NCMusicGesturesHeaderPageTwo.h */,
				2E550CC216CDB3A3008D9F31 /* NCMusicGesturesHeaderPageTwo.m */,
			);
			name = Header;
			sourceTree = "<group>";
		};
/* End PBXGroup section */

/* Begin PBXHeadersBuildPhase section */
		2E12E65316C5BD6D00BC0814 /* Headers */ = {
			isa = PBXHeadersBuildPhase;
			buildActionMask = 2147483647;
			files = (
				2E550CB716CDB394008D9F31 /* StringFormatter.h in Headers */,
				2E550CB916CDB394008D9F31 /* UISliderCustom.h in Headers */,
				2E550CBB16CDB394008D9F31 /* UIView+UIViewExtensions.h in Headers */,
				2E550CC316CDB3A3008D9F31 /* NCMusicGesturesHeader.h in Headers */,
				2E550CC516CDB3A3008D9F31 /* NCMusicGesturesHeaderPageOne.h in Headers */,
				2E550CC716CDB3A3008D9F31 /* NCMusicGesturesHeaderPageTwo.h in Headers */,
				2E550CCB16CDB3B3008D9F31 /* NCMusicGesturesView.h in Headers */,
				2E550CD216CDB638008D9F31 /* UIImage+UIImageExtensions.h in Headers */,
			);
			runOnlyForDeploymentPostprocessing = 0;
		};
/* End PBXHeadersBuildPhase section */

/* Begin PBXNativeTarget section */
		2E12E65516C5BD6D00BC0814 /* NCMusicGestures */ = {
			isa = PBXNativeTarget;
			buildConfigurationList = 2E12E67216C5BD6D00BC0814 /* Build configuration list for PBXNativeTarget "NCMusicGestures" */;
			buildPhases = (
				2E12E65116C5BD6D00BC0814 /* Sources */,
				2E12E65216C5BD6D00BC0814 /* Frameworks */,
				2E12E65316C5BD6D00BC0814 /* Headers */,
				2E12E65416C5BD6D00BC0814 /* ShellScript */,
			);
			buildRules = (
			);
			dependencies = (
			);
			name = NCMusicGestures;
			productName = NCMusicGestures;
			productReference = 2E12E65616C5BD6D00BC0814 /* NCMusicGestures */;
			productType = "com.apple.product-type.library.dynamic";
		};
/* End PBXNativeTarget section */

/* Begin PBXProject section */
		2E12E64D16C5BD6D00BC0814 /* Project object */ = {
			isa = PBXProject;
			attributes = {
				LastUpgradeCheck = 0460;
			};
			buildConfigurationList = 2E12E65016C5BD6D00BC0814 /* Build configuration list for PBXProject "NCMusicGestures" */;
			compatibilityVersion = "Xcode 3.2";
			developmentRegion = English;
			hasScannedForEncodings = 0;
			knownRegions = (
				en,
			);
			mainGroup = 2E12E64C16C5BD6D00BC0814;
			productRefGroup = 2E12E65716C5BD6D00BC0814 /* Products */;
			projectDirPath = "";
			projectRoot = "";
			targets = (
				2E12E65516C5BD6D00BC0814 /* NCMusicGestures */,
			);
		};
/* End PBXProject section */

/* Begin PBXShellScriptBuildPhase section */
		2E12E65416C5BD6D00BC0814 /* ShellScript */ = {
			isa = PBXShellScriptBuildPhase;
			buildActionMask = 2147483647;
			files = (
			);
			inputPaths = (
			);
			outputPaths = (
			);
			runOnlyForDeploymentPostprocessing = 0;
			shellPath = /bin/sh;
			shellScript = "/opt/iOSOpenDev/bin/iosod --xcbp";
		};
/* End PBXShellScriptBuildPhase section */

/* Begin PBXSourcesBuildPhase section */
		2E12E65116C5BD6D00BC0814 /* Sources */ = {
			isa = PBXSourcesBuildPhase;
			buildActionMask = 2147483647;
			files = (
				2E12E66716C5BD6D00BC0814 /* NCMusicGesturesController.m in Sources */,
				2E550CB816CDB394008D9F31 /* StringFormatter.m in Sources */,
				2E550CBA16CDB394008D9F31 /* UISliderCustom.m in Sources */,
				2E550CBC16CDB394008D9F31 /* UIView+UIViewExtensions.m in Sources */,
				2E550CC416CDB3A3008D9F31 /* NCMusicGesturesHeader.m in Sources */,
				2E550CC616CDB3A3008D9F31 /* NCMusicGesturesHeaderPageOne.m in Sources */,
				2E550CC816CDB3A3008D9F31 /* NCMusicGesturesHeaderPageTwo.m in Sources */,
				2E550CCC16CDB3B3008D9F31 /* NCMusicGesturesView.m in Sources */,
				2E550CD316CDB638008D9F31 /* UIImage+UIImageExtensions.m in Sources */,
			);
			runOnlyForDeploymentPostprocessing = 0;
		};
/* End PBXSourcesBuildPhase section */

/* Begin XCBuildConfiguration section */
		2E12E67016C5BD6D00BC0814 /* Debug */ = {
			isa = XCBuildConfiguration;
			buildSettings = {
				COPY_PHASE_STRIP = NO;
				EXCLUDED_RECURSIVE_SEARCH_PATH_SUBDIRECTORIES = "*.nib *.lproj *.gch (*) .DS_Store CVS .svn .git .hg *.xcodeproj *.xcode *.pbproj *.pbxproj";
				FRAMEWORK_SEARCH_PATHS = (
					"$(iOSOpenDevPath)/frameworks/**",
					"$(SDKROOT)/System/Library/PrivateFrameworks",
				);
				GCC_C_LANGUAGE_STANDARD = gnu99;
				GCC_DYNAMIC_NO_PIC = NO;
				GCC_OPTIMIZATION_LEVEL = 0;
				GCC_PREPROCESSOR_DEFINITIONS = (
					"DEBUG=1",
					"$(inherited)",
				);
				GCC_SYMBOLS_PRIVATE_EXTERN = NO;
				GCC_WARN_ABOUT_MISSING_PROTOTYPES = YES;
				GCC_WARN_ABOUT_RETURN_TYPE = YES;
				GCC_WARN_UNUSED_VARIABLE = YES;
				HEADER_SEARCH_PATHS = "$(iOSOpenDevPath)/include/**";
				IPHONEOS_DEPLOYMENT_TARGET = 6.1;
				LIBRARY_SEARCH_PATHS = "$(iOSOpenDevPath)/lib/**";
				ONLY_ACTIVE_ARCH = YES;
				SDKROOT = iphoneos;
				TARGETED_DEVICE_FAMILY = "1,2";
				VALIDATE_PRODUCT = NO;
				iOSOpenDevPath = /opt/iOSOpenDev;
			};
			name = Debug;
		};
		2E12E67116C5BD6D00BC0814 /* Release */ = {
			isa = XCBuildConfiguration;
			buildSettings = {
				COPY_PHASE_STRIP = YES;
				EXCLUDED_RECURSIVE_SEARCH_PATH_SUBDIRECTORIES = "*.nib *.lproj *.gch (*) .DS_Store CVS .svn .git .hg *.xcodeproj *.xcode *.pbproj *.pbxproj";
				FRAMEWORK_SEARCH_PATHS = (
					"$(iOSOpenDevPath)/frameworks/**",
					"$(SDKROOT)/System/Library/PrivateFrameworks",
				);
				GCC_C_LANGUAGE_STANDARD = gnu99;
				GCC_WARN_ABOUT_MISSING_PROTOTYPES = YES;
				GCC_WARN_ABOUT_RETURN_TYPE = YES;
				GCC_WARN_UNUSED_VARIABLE = YES;
				HEADER_SEARCH_PATHS = "$(iOSOpenDevPath)/include/**";
				IPHONEOS_DEPLOYMENT_TARGET = 6.1;
				LIBRARY_SEARCH_PATHS = "$(iOSOpenDevPath)/lib/**";
				SDKROOT = iphoneos;
				TARGETED_DEVICE_FAMILY = "1,2";
				VALIDATE_PRODUCT = YES;
				iOSOpenDevPath = /opt/iOSOpenDev;
			};
			name = Release;
		};
		2E12E67316C5BD6D00BC0814 /* Debug */ = {
			isa = XCBuildConfiguration;
			buildSettings = {
				CODE_SIGN_IDENTITY = "";
				DYLIB_COMPATIBILITY_VERSION = 1;
				DYLIB_CURRENT_VERSION = 1;
				EXECUTABLE_EXTENSION = "";
				EXECUTABLE_NAME = NCMusicGestures;
				FRAMEWORK_SEARCH_PATHS = (
					"$(inherited)",
					"\"$(SDKROOT)$(SYSTEM_LIBRARY_DIR)/PrivateFrameworks\"",
				);
				GCC_PRECOMPILE_PREFIX_HEADER = YES;
				GCC_PREFIX_HEADER = "NCMusicGestures/NCMusicGestures-Prefix.pch";
				INSTALL_PATH = /System/Library/WeeAppPlugins/NCMusicGestures.bundle;
				PRODUCT_NAME = "$(TARGET_NAME)";
				iOSOpenDevBuildPackageOnAnyBuild = NO;
				iOSOpenDevCopyOnBuild = NO;
				iOSOpenDevDevice = PATT.local;
				iOSOpenDevInstallOnAnyBuild = NO;
				iOSOpenDevInstallOnProfiling = YES;
				iOSOpenDevRespringOnInstall = YES;
				iOSOpenDevUsePackageVersionPList = YES;
			};
			name = Debug;
		};
		2E12E67416C5BD6D00BC0814 /* Release */ = {
			isa = XCBuildConfiguration;
			buildSettings = {
				CODE_SIGN_IDENTITY = "";
				DYLIB_COMPATIBILITY_VERSION = 1;
				DYLIB_CURRENT_VERSION = 1;
				EXECUTABLE_EXTENSION = "";
				EXECUTABLE_NAME = NCMusicGestures;
				FRAMEWORK_SEARCH_PATHS = (
					"$(inherited)",
					"\"$(SDKROOT)$(SYSTEM_LIBRARY_DIR)/PrivateFrameworks\"",
				);
				GCC_PRECOMPILE_PREFIX_HEADER = YES;
				GCC_PREFIX_HEADER = "NCMusicGestures/NCMusicGestures-Prefix.pch";
				INSTALL_PATH = /System/Library/WeeAppPlugins/NCMusicGestures.bundle;
				PRODUCT_NAME = "$(TARGET_NAME)";
				iOSOpenDevBuildPackageOnAnyBuild = NO;
				iOSOpenDevCopyOnBuild = NO;
				iOSOpenDevDevice = PATT.local;
				iOSOpenDevInstallOnAnyBuild = NO;
				iOSOpenDevInstallOnProfiling = YES;
				iOSOpenDevRespringOnInstall = YES;
				iOSOpenDevUsePackageVersionPList = YES;
			};
			name = Release;
		};
/* End XCBuildConfiguration section */

/* Begin XCConfigurationList section */
		2E12E65016C5BD6D00BC0814 /* Build configuration list for PBXProject "NCMusicGestures" */ = {
			isa = XCConfigurationList;
			buildConfigurations = (
				2E12E67016C5BD6D00BC0814 /* Debug */,
				2E12E67116C5BD6D00BC0814 /* Release */,
			);
			defaultConfigurationIsVisible = 0;
			defaultConfigurationName = Release;
		};
		2E12E67216C5BD6D00BC0814 /* Build configuration list for PBXNativeTarget "NCMusicGestures" */ = {
			isa = XCConfigurationList;
			buildConfigurations = (
				2E12E67316C5BD6D00BC0814 /* Debug */,
				2E12E67416C5BD6D00BC0814 /* Release */,
			);
			defaultConfigurationIsVisible = 0;
			defaultConfigurationName = Release;
		};
/* End XCConfigurationList section */
	};
	rootObject = 2E12E64D16C5BD6D00BC0814 /* Project object */;
}
