// !$*UTF8*$!
{
	archiveVersion = 1;
	classes = {
	};
	objectVersion = 46;
	objects = {

/* Begin PBXBuildFile section */
		2E51AE1016CC776700D4EA1C /* cddisc.png in Resources */ = {isa = PBXBuildFile; fileRef = 2E51AE0E16CC776700D4EA1C /* cddisc.png */; };
		2E51AE1516CC794B00D4EA1C /* cddisc@2x.png in Resources */ = {isa = PBXBuildFile; fileRef = 2E51AE1416CC794B00D4EA1C /* cddisc@2x.png */; };
		2E51AE1916CC7D9900D4EA1C /* white_cloud.png in Resources */ = {isa = PBXBuildFile; fileRef = 2E51AE1816CC7D9900D4EA1C /* white_cloud.png */; };
		2E51AE1B16CC7DA000D4EA1C /* white_cloud@2x.png in Resources */ = {isa = PBXBuildFile; fileRef = 2E51AE1A16CC7DA000D4EA1C /* white_cloud@2x.png */; };
		2E51AE2116CC82FC00D4EA1C /* white_donate.png in Resources */ = {isa = PBXBuildFile; fileRef = 2E51AE1C16CC82FC00D4EA1C /* white_donate.png */; };
		2E51AE2216CC82FC00D4EA1C /* white_facebook.png in Resources */ = {isa = PBXBuildFile; fileRef = 2E51AE1D16CC82FC00D4EA1C /* white_facebook.png */; };
		2E51AE2316CC82FC00D4EA1C /* white_repeat.png in Resources */ = {isa = PBXBuildFile; fileRef = 2E51AE1E16CC82FC00D4EA1C /* white_repeat.png */; };
		2E51AE2416CC82FC00D4EA1C /* white_shuffle.png in Resources */ = {isa = PBXBuildFile; fileRef = 2E51AE1F16CC82FC00D4EA1C /* white_shuffle.png */; };
		2E51AE2516CC82FC00D4EA1C /* white_twitter.png in Resources */ = {isa = PBXBuildFile; fileRef = 2E51AE2016CC82FC00D4EA1C /* white_twitter.png */; };
		2E51AE2B16CC830C00D4EA1C /* white_donate@2x.png in Resources */ = {isa = PBXBuildFile; fileRef = 2E51AE2616CC830C00D4EA1C /* white_donate@2x.png */; };
		2E51AE2C16CC830C00D4EA1C /* white_facebook@2x.png in Resources */ = {isa = PBXBuildFile; fileRef = 2E51AE2716CC830C00D4EA1C /* white_facebook@2x.png */; };
		2E51AE2D16CC830C00D4EA1C /* white_repeat@2x.png in Resources */ = {isa = PBXBuildFile; fileRef = 2E51AE2816CC830C00D4EA1C /* white_repeat@2x.png */; };
		2E51AE2E16CC830C00D4EA1C /* white_shuffle@2x.png in Resources */ = {isa = PBXBuildFile; fileRef = 2E51AE2916CC830C00D4EA1C /* white_shuffle@2x.png */; };
		2E51AE2F16CC830C00D4EA1C /* white_twitter@2x.png in Resources */ = {isa = PBXBuildFile; fileRef = 2E51AE2A16CC830C00D4EA1C /* white_twitter@2x.png */; };
		2E51AE3116CC930D00D4EA1C /* white_repeat_one.png in Resources */ = {isa = PBXBuildFile; fileRef = 2E51AE3016CC930D00D4EA1C /* white_repeat_one.png */; };
		2E51AE3316CC933400D4EA1C /* grey_repeat.png in Resources */ = {isa = PBXBuildFile; fileRef = 2E51AE3216CC933400D4EA1C /* grey_repeat.png */; };
		2E51AE3516CC951700D4EA1C /* grey_shuffle.png in Resources */ = {isa = PBXBuildFile; fileRef = 2E51AE3416CC951700D4EA1C /* grey_shuffle.png */; };
		2E51AE3716CC95B300D4EA1C /* grey_repeat@2x.png in Resources */ = {isa = PBXBuildFile; fileRef = 2E51AE3616CC95B300D4EA1C /* grey_repeat@2x.png */; };
		2E51AE3916CC95C500D4EA1C /* white_repeat_one@2x.png in Resources */ = {isa = PBXBuildFile; fileRef = 2E51AE3816CC95C500D4EA1C /* white_repeat_one@2x.png */; };
		2E51AE3B16CC95E900D4EA1C /* grey_shuffle@2x.png in Resources */ = {isa = PBXBuildFile; fileRef = 2E51AE3A16CC95E900D4EA1C /* grey_shuffle@2x.png */; };
		2E51AE3D16CC962C00D4EA1C /* grey_facebook.png in Resources */ = {isa = PBXBuildFile; fileRef = 2E51AE3C16CC962C00D4EA1C /* grey_facebook.png */; };
		2E51AE3F16CC963300D4EA1C /* grey_facebook@2x.png in Resources */ = {isa = PBXBuildFile; fileRef = 2E51AE3E16CC963300D4EA1C /* grey_facebook@2x.png */; };
		2E51AE4116CC973E00D4EA1C /* grey_twitter.png in Resources */ = {isa = PBXBuildFile; fileRef = 2E51AE4016CC973E00D4EA1C /* grey_twitter.png */; };
		2E51AE4316CC974500D4EA1C /* grey_twitter@2x.png in Resources */ = {isa = PBXBuildFile; fileRef = 2E51AE4216CC974500D4EA1C /* grey_twitter@2x.png */; };
		2E6810A916F1982600C8838A /* MarqueeLabel.m in Sources */ = {isa = PBXBuildFile; fileRef = 2E6810A816F1982600C8838A /* MarqueeLabel.m */; };
		2E6810AA16F1982600C8838A /* MarqueeLabel.m in Sources */ = {isa = PBXBuildFile; fileRef = 2E6810A816F1982600C8838A /* MarqueeLabel.m */; };
		2E7C29D916C9CDEF008B117F /* StringFormatter.m in Sources */ = {isa = PBXBuildFile; fileRef = 2E7C29D816C9CDEF008B117F /* StringFormatter.m */; };
		2E7C29DC16C9D1D4008B117F /* UISliderCustom.m in Sources */ = {isa = PBXBuildFile; fileRef = 2E7C29DB16C9D1D4008B117F /* UISliderCustom.m */; };
		2E7C29E616C9DCD7008B117F /* Social.framework in Frameworks */ = {isa = PBXBuildFile; fileRef = 2E7C29E516C9DCD7008B117F /* Social.framework */; };
		2E85E21216F198AF007DD95D /* QuartzCore.framework in Frameworks */ = {isa = PBXBuildFile; fileRef = 2E85E21016F198A5007DD95D /* QuartzCore.framework */; };
		2E85E21916F1AAA2007DD95D /* Settings.bundle in Resources */ = {isa = PBXBuildFile; fileRef = 2E85E21816F1AAA2007DD95D /* Settings.bundle */; };
		2E8E63BC16C8786300B47EE9 /* UIKit.framework in Frameworks */ = {isa = PBXBuildFile; fileRef = 2E8E63BB16C8786300B47EE9 /* UIKit.framework */; };
		2E8E63BE16C8786300B47EE9 /* Foundation.framework in Frameworks */ = {isa = PBXBuildFile; fileRef = 2E8E63BD16C8786300B47EE9 /* Foundation.framework */; };
		2E8E63C016C8786300B47EE9 /* CoreGraphics.framework in Frameworks */ = {isa = PBXBuildFile; fileRef = 2E8E63BF16C8786300B47EE9 /* CoreGraphics.framework */; };
		2E8E63C616C8786300B47EE9 /* InfoPlist.strings in Resources */ = {isa = PBXBuildFile; fileRef = 2E8E63C416C8786300B47EE9 /* InfoPlist.strings */; };
		2E8E63C816C8786300B47EE9 /* main.m in Sources */ = {isa = PBXBuildFile; fileRef = 2E8E63C716C8786300B47EE9 /* main.m */; };
		2E8E63CC16C8786300B47EE9 /* AppDelegate.m in Sources */ = {isa = PBXBuildFile; fileRef = 2E8E63CB16C8786300B47EE9 /* AppDelegate.m */; };
		2E8E63CE16C8786300B47EE9 /* Default.png in Resources */ = {isa = PBXBuildFile; fileRef = 2E8E63CD16C8786300B47EE9 /* Default.png */; };
		2E8E63D016C8786300B47EE9 /* Default@2x.png in Resources */ = {isa = PBXBuildFile; fileRef = 2E8E63CF16C8786300B47EE9 /* Default@2x.png */; };
		2E8E63D216C8786300B47EE9 /* Default-568h@2x.png in Resources */ = {isa = PBXBuildFile; fileRef = 2E8E63D116C8786300B47EE9 /* Default-568h@2x.png */; };
		2E8E63D516C8786300B47EE9 /* ViewController.m in Sources */ = {isa = PBXBuildFile; fileRef = 2E8E63D416C8786300B47EE9 /* ViewController.m */; };
		2E8E63D816C8786300B47EE9 /* ViewController_iPhone.xib in Resources */ = {isa = PBXBuildFile; fileRef = 2E8E63D616C8786300B47EE9 /* ViewController_iPhone.xib */; };
		2E8E63DB16C8786300B47EE9 /* ViewController_iPad.xib in Resources */ = {isa = PBXBuildFile; fileRef = 2E8E63D916C8786300B47EE9 /* ViewController_iPad.xib */; };
		2E8E63E316C8786300B47EE9 /* SenTestingKit.framework in Frameworks */ = {isa = PBXBuildFile; fileRef = 2E8E63E216C8786300B47EE9 /* SenTestingKit.framework */; };
		2E8E63E416C8786300B47EE9 /* UIKit.framework in Frameworks */ = {isa = PBXBuildFile; fileRef = 2E8E63BB16C8786300B47EE9 /* UIKit.framework */; };
		2E8E63E516C8786300B47EE9 /* Foundation.framework in Frameworks */ = {isa = PBXBuildFile; fileRef = 2E8E63BD16C8786300B47EE9 /* Foundation.framework */; };
		2E8E63ED16C8786300B47EE9 /* InfoPlist.strings in Resources */ = {isa = PBXBuildFile; fileRef = 2E8E63EB16C8786300B47EE9 /* InfoPlist.strings */; };
		2E8E63F016C8786300B47EE9 /* NCMusicPlayerAppVersionTests.m in Sources */ = {isa = PBXBuildFile; fileRef = 2E8E63EF16C8786300B47EE9 /* NCMusicPlayerAppVersionTests.m */; };
		2E8E63FB16C8788A00B47EE9 /* MediaPlayer.framework in Frameworks */ = {isa = PBXBuildFile; fileRef = 2E8E63F916C8787F00B47EE9 /* MediaPlayer.framework */; };
		2E8E63FF16C878A900B47EE9 /* NCMusicGesturesView.m in Sources */ = {isa = PBXBuildFile; fileRef = 2E8E63FE16C878A900B47EE9 /* NCMusicGesturesView.m */; };
		2E8E641116C879DA00B47EE9 /* WeeAppBackground.png in Resources */ = {isa = PBXBuildFile; fileRef = 2E8E640E16C879DA00B47EE9 /* WeeAppBackground.png */; };
		2E8E641216C879DA00B47EE9 /* WeeAppBackground@2x.png in Resources */ = {isa = PBXBuildFile; fileRef = 2E8E640F16C879DA00B47EE9 /* WeeAppBackground@2x.png */; };
		2E8E641B16C87F2100B47EE9 /* UIView+UIViewExtensions.m in Sources */ = {isa = PBXBuildFile; fileRef = 2E8E641A16C87F2100B47EE9 /* UIView+UIViewExtensions.m */; };
		2E8E641C16C87F2100B47EE9 /* UIView+UIViewExtensions.m in Sources */ = {isa = PBXBuildFile; fileRef = 2E8E641A16C87F2100B47EE9 /* UIView+UIViewExtensions.m */; };
		2E9E01B016C8878B00EDCA67 /* WeeAppBackground.png in Resources */ = {isa = PBXBuildFile; fileRef = 2E8E640E16C879DA00B47EE9 /* WeeAppBackground.png */; };
		2E9E01B116C8878D00EDCA67 /* WeeAppBackground@2x.png in Resources */ = {isa = PBXBuildFile; fileRef = 2E8E640F16C879DA00B47EE9 /* WeeAppBackground@2x.png */; };
/* End PBXBuildFile section */

/* Begin PBXContainerItemProxy section */
		2E8E63E616C8786300B47EE9 /* PBXContainerItemProxy */ = {
			isa = PBXContainerItemProxy;
			containerPortal = 2E8E63B016C8786300B47EE9 /* Project object */;
			proxyType = 1;
			remoteGlobalIDString = 2E8E63B716C8786300B47EE9;
			remoteInfo = NCMusicPlayerAppVersion;
		};
/* End PBXContainerItemProxy section */

/* Begin PBXFileReference section */
		2E51AE0E16CC776700D4EA1C /* cddisc.png */ = {isa = PBXFileReference; lastKnownFileType = image.png; path = cddisc.png; sourceTree = "<group>"; };
		2E51AE1416CC794B00D4EA1C /* cddisc@2x.png */ = {isa = PBXFileReference; lastKnownFileType = image.png; path = "cddisc@2x.png"; sourceTree = "<group>"; };
		2E51AE1816CC7D9900D4EA1C /* white_cloud.png */ = {isa = PBXFileReference; lastKnownFileType = image.png; path = white_cloud.png; sourceTree = "<group>"; };
		2E51AE1A16CC7DA000D4EA1C /* white_cloud@2x.png */ = {isa = PBXFileReference; lastKnownFileType = image.png; path = "white_cloud@2x.png"; sourceTree = "<group>"; };
		2E51AE1C16CC82FC00D4EA1C /* white_donate.png */ = {isa = PBXFileReference; lastKnownFileType = image.png; path = white_donate.png; sourceTree = "<group>"; };
		2E51AE1D16CC82FC00D4EA1C /* white_facebook.png */ = {isa = PBXFileReference; lastKnownFileType = image.png; path = white_facebook.png; sourceTree = "<group>"; };
		2E51AE1E16CC82FC00D4EA1C /* white_repeat.png */ = {isa = PBXFileReference; lastKnownFileType = image.png; path = white_repeat.png; sourceTree = "<group>"; };
		2E51AE1F16CC82FC00D4EA1C /* white_shuffle.png */ = {isa = PBXFileReference; lastKnownFileType = image.png; path = white_shuffle.png; sourceTree = "<group>"; };
		2E51AE2016CC82FC00D4EA1C /* white_twitter.png */ = {isa = PBXFileReference; lastKnownFileType = image.png; path = white_twitter.png; sourceTree = "<group>"; };
		2E51AE2616CC830C00D4EA1C /* white_donate@2x.png */ = {isa = PBXFileReference; lastKnownFileType = image.png; path = "white_donate@2x.png"; sourceTree = "<group>"; };
		2E51AE2716CC830C00D4EA1C /* white_facebook@2x.png */ = {isa = PBXFileReference; lastKnownFileType = image.png; path = "white_facebook@2x.png"; sourceTree = "<group>"; };
		2E51AE2816CC830C00D4EA1C /* white_repeat@2x.png */ = {isa = PBXFileReference; lastKnownFileType = image.png; path = "white_repeat@2x.png"; sourceTree = "<group>"; };
		2E51AE2916CC830C00D4EA1C /* white_shuffle@2x.png */ = {isa = PBXFileReference; lastKnownFileType = image.png; path = "white_shuffle@2x.png"; sourceTree = "<group>"; };
		2E51AE2A16CC830C00D4EA1C /* white_twitter@2x.png */ = {isa = PBXFileReference; lastKnownFileType = image.png; path = "white_twitter@2x.png"; sourceTree = "<group>"; };
		2E51AE3016CC930D00D4EA1C /* white_repeat_one.png */ = {isa = PBXFileReference; lastKnownFileType = image.png; path = white_repeat_one.png; sourceTree = "<group>"; };
		2E51AE3216CC933400D4EA1C /* grey_repeat.png */ = {isa = PBXFileReference; lastKnownFileType = image.png; path = grey_repeat.png; sourceTree = "<group>"; };
		2E51AE3416CC951700D4EA1C /* grey_shuffle.png */ = {isa = PBXFileReference; lastKnownFileType = image.png; path = grey_shuffle.png; sourceTree = "<group>"; };
		2E51AE3616CC95B300D4EA1C /* grey_repeat@2x.png */ = {isa = PBXFileReference; lastKnownFileType = image.png; path = "grey_repeat@2x.png"; sourceTree = "<group>"; };
		2E51AE3816CC95C500D4EA1C /* white_repeat_one@2x.png */ = {isa = PBXFileReference; lastKnownFileType = image.png; path = "white_repeat_one@2x.png"; sourceTree = "<group>"; };
		2E51AE3A16CC95E900D4EA1C /* grey_shuffle@2x.png */ = {isa = PBXFileReference; lastKnownFileType = image.png; path = "grey_shuffle@2x.png"; sourceTree = "<group>"; };
		2E51AE3C16CC962C00D4EA1C /* grey_facebook.png */ = {isa = PBXFileReference; lastKnownFileType = image.png; path = grey_facebook.png; sourceTree = "<group>"; };
		2E51AE3E16CC963300D4EA1C /* grey_facebook@2x.png */ = {isa = PBXFileReference; lastKnownFileType = image.png; path = "grey_facebook@2x.png"; sourceTree = "<group>"; };
		2E51AE4016CC973E00D4EA1C /* grey_twitter.png */ = {isa = PBXFileReference; lastKnownFileType = image.png; path = grey_twitter.png; sourceTree = "<group>"; };
		2E51AE4216CC974500D4EA1C /* grey_twitter@2x.png */ = {isa = PBXFileReference; lastKnownFileType = image.png; path = "grey_twitter@2x.png"; sourceTree = "<group>"; };
		2E6810A716F1982600C8838A /* MarqueeLabel.h */ = {isa = PBXFileReference; fileEncoding = 4; lastKnownFileType = sourcecode.c.h; path = MarqueeLabel.h; sourceTree = "<group>"; };
		2E6810A816F1982600C8838A /* MarqueeLabel.m */ = {isa = PBXFileReference; fileEncoding = 4; lastKnownFileType = sourcecode.c.objc; path = MarqueeLabel.m; sourceTree = "<group>"; };
		2E7C29D716C9CDEF008B117F /* StringFormatter.h */ = {isa = PBXFileReference; fileEncoding = 4; lastKnownFileType = sourcecode.c.h; path = StringFormatter.h; sourceTree = "<group>"; };
		2E7C29D816C9CDEF008B117F /* StringFormatter.m */ = {isa = PBXFileReference; fileEncoding = 4; lastKnownFileType = sourcecode.c.objc; path = StringFormatter.m; sourceTree = "<group>"; };
		2E7C29DA16C9D1D3008B117F /* UISliderCustom.h */ = {isa = PBXFileReference; fileEncoding = 4; lastKnownFileType = sourcecode.c.h; path = UISliderCustom.h; sourceTree = "<group>"; };
		2E7C29DB16C9D1D4008B117F /* UISliderCustom.m */ = {isa = PBXFileReference; fileEncoding = 4; lastKnownFileType = sourcecode.c.objc; path = UISliderCustom.m; sourceTree = "<group>"; };
		2E7C29E516C9DCD7008B117F /* Social.framework */ = {isa = PBXFileReference; lastKnownFileType = wrapper.framework; name = Social.framework; path = System/Library/Frameworks/Social.framework; sourceTree = SDKROOT; };
		2E85E21016F198A5007DD95D /* QuartzCore.framework */ = {isa = PBXFileReference; lastKnownFileType = wrapper.framework; name = QuartzCore.framework; path = System/Library/Frameworks/QuartzCore.framework; sourceTree = SDKROOT; };
		2E85E21816F1AAA2007DD95D /* Settings.bundle */ = {isa = PBXFileReference; lastKnownFileType = "wrapper.plug-in"; path = Settings.bundle; sourceTree = "<group>"; };
		2E8E63B816C8786300B47EE9 /* NCMusicPlayerAppVersion.app */ = {isa = PBXFileReference; explicitFileType = wrapper.application; includeInIndex = 0; path = NCMusicPlayerAppVersion.app; sourceTree = BUILT_PRODUCTS_DIR; };
		2E8E63BB16C8786300B47EE9 /* UIKit.framework */ = {isa = PBXFileReference; lastKnownFileType = wrapper.framework; name = UIKit.framework; path = System/Library/Frameworks/UIKit.framework; sourceTree = SDKROOT; };
		2E8E63BD16C8786300B47EE9 /* Foundation.framework */ = {isa = PBXFileReference; lastKnownFileType = wrapper.framework; name = Foundation.framework; path = System/Library/Frameworks/Foundation.framework; sourceTree = SDKROOT; };
		2E8E63BF16C8786300B47EE9 /* CoreGraphics.framework */ = {isa = PBXFileReference; lastKnownFileType = wrapper.framework; name = CoreGraphics.framework; path = System/Library/Frameworks/CoreGraphics.framework; sourceTree = SDKROOT; };
		2E8E63C316C8786300B47EE9 /* NCMusicPlayerAppVersion-Info.plist */ = {isa = PBXFileReference; lastKnownFileType = text.plist.xml; path = "NCMusicPlayerAppVersion-Info.plist"; sourceTree = "<group>"; };
		2E8E63C516C8786300B47EE9 /* en */ = {isa = PBXFileReference; lastKnownFileType = text.plist.strings; name = en; path = en.lproj/InfoPlist.strings; sourceTree = "<group>"; };
		2E8E63C716C8786300B47EE9 /* main.m */ = {isa = PBXFileReference; lastKnownFileType = sourcecode.c.objc; path = main.m; sourceTree = "<group>"; };
		2E8E63C916C8786300B47EE9 /* NCMusicPlayerAppVersion-Prefix.pch */ = {isa = PBXFileReference; lastKnownFileType = sourcecode.c.h; path = "NCMusicPlayerAppVersion-Prefix.pch"; sourceTree = "<group>"; };
		2E8E63CA16C8786300B47EE9 /* AppDelegate.h */ = {isa = PBXFileReference; lastKnownFileType = sourcecode.c.h; path = AppDelegate.h; sourceTree = "<group>"; };
		2E8E63CB16C8786300B47EE9 /* AppDelegate.m */ = {isa = PBXFileReference; lastKnownFileType = sourcecode.c.objc; path = AppDelegate.m; sourceTree = "<group>"; };
		2E8E63CD16C8786300B47EE9 /* Default.png */ = {isa = PBXFileReference; lastKnownFileType = image.png; path = Default.png; sourceTree = "<group>"; };
		2E8E63CF16C8786300B47EE9 /* Default@2x.png */ = {isa = PBXFileReference; lastKnownFileType = image.png; path = "Default@2x.png"; sourceTree = "<group>"; };
		2E8E63D116C8786300B47EE9 /* Default-568h@2x.png */ = {isa = PBXFileReference; lastKnownFileType = image.png; path = "Default-568h@2x.png"; sourceTree = "<group>"; };
		2E8E63D316C8786300B47EE9 /* ViewController.h */ = {isa = PBXFileReference; lastKnownFileType = sourcecode.c.h; path = ViewController.h; sourceTree = "<group>"; };
		2E8E63D416C8786300B47EE9 /* ViewController.m */ = {isa = PBXFileReference; lastKnownFileType = sourcecode.c.objc; path = ViewController.m; sourceTree = "<group>"; };
		2E8E63D716C8786300B47EE9 /* en */ = {isa = PBXFileReference; lastKnownFileType = file.xib; name = en; path = en.lproj/ViewController_iPhone.xib; sourceTree = "<group>"; };
		2E8E63DA16C8786300B47EE9 /* en */ = {isa = PBXFileReference; lastKnownFileType = file.xib; name = en; path = en.lproj/ViewController_iPad.xib; sourceTree = "<group>"; };
		2E8E63E116C8786300B47EE9 /* NCMusicPlayerAppVersionTests.octest */ = {isa = PBXFileReference; explicitFileType = wrapper.cfbundle; includeInIndex = 0; path = NCMusicPlayerAppVersionTests.octest; sourceTree = BUILT_PRODUCTS_DIR; };
		2E8E63E216C8786300B47EE9 /* SenTestingKit.framework */ = {isa = PBXFileReference; lastKnownFileType = wrapper.framework; name = SenTestingKit.framework; path = Library/Frameworks/SenTestingKit.framework; sourceTree = DEVELOPER_DIR; };
		2E8E63EA16C8786300B47EE9 /* NCMusicPlayerAppVersionTests-Info.plist */ = {isa = PBXFileReference; lastKnownFileType = text.plist.xml; path = "NCMusicPlayerAppVersionTests-Info.plist"; sourceTree = "<group>"; };
		2E8E63EC16C8786300B47EE9 /* en */ = {isa = PBXFileReference; lastKnownFileType = text.plist.strings; name = en; path = en.lproj/InfoPlist.strings; sourceTree = "<group>"; };
		2E8E63EE16C8786300B47EE9 /* NCMusicPlayerAppVersionTests.h */ = {isa = PBXFileReference; lastKnownFileType = sourcecode.c.h; path = NCMusicPlayerAppVersionTests.h; sourceTree = "<group>"; };
		2E8E63EF16C8786300B47EE9 /* NCMusicPlayerAppVersionTests.m */ = {isa = PBXFileReference; lastKnownFileType = sourcecode.c.objc; path = NCMusicPlayerAppVersionTests.m; sourceTree = "<group>"; };
		2E8E63F916C8787F00B47EE9 /* MediaPlayer.framework */ = {isa = PBXFileReference; lastKnownFileType = wrapper.framework; name = MediaPlayer.framework; path = System/Library/Frameworks/MediaPlayer.framework; sourceTree = SDKROOT; };
		2E8E63FD16C878A900B47EE9 /* NCMusicGesturesView.h */ = {isa = PBXFileReference; fileEncoding = 4; lastKnownFileType = sourcecode.c.h; path = NCMusicGesturesView.h; sourceTree = "<group>"; };
		2E8E63FE16C878A900B47EE9 /* NCMusicGesturesView.m */ = {isa = PBXFileReference; fileEncoding = 4; lastKnownFileType = sourcecode.c.objc; path = NCMusicGesturesView.m; sourceTree = "<group>"; };
		2E8E640E16C879DA00B47EE9 /* WeeAppBackground.png */ = {isa = PBXFileReference; lastKnownFileType = image.png; path = WeeAppBackground.png; sourceTree = "<group>"; };
		2E8E640F16C879DA00B47EE9 /* WeeAppBackground@2x.png */ = {isa = PBXFileReference; lastKnownFileType = image.png; path = "WeeAppBackground@2x.png"; sourceTree = "<group>"; };
		2E8E641916C87F2100B47EE9 /* UIView+UIViewExtensions.h */ = {isa = PBXFileReference; fileEncoding = 4; lastKnownFileType = sourcecode.c.h; path = "UIView+UIViewExtensions.h"; sourceTree = "<group>"; };
		2E8E641A16C87F2100B47EE9 /* UIView+UIViewExtensions.m */ = {isa = PBXFileReference; fileEncoding = 4; lastKnownFileType = sourcecode.c.objc; path = "UIView+UIViewExtensions.m"; sourceTree = "<group>"; };
/* End PBXFileReference section */

/* Begin PBXFrameworksBuildPhase section */
		2E8E63B516C8786300B47EE9 /* Frameworks */ = {
			isa = PBXFrameworksBuildPhase;
			buildActionMask = 2147483647;
			files = (
				2E85E21216F198AF007DD95D /* QuartzCore.framework in Frameworks */,
				2E7C29E616C9DCD7008B117F /* Social.framework in Frameworks */,
				2E8E63FB16C8788A00B47EE9 /* MediaPlayer.framework in Frameworks */,
				2E8E63BC16C8786300B47EE9 /* UIKit.framework in Frameworks */,
				2E8E63BE16C8786300B47EE9 /* Foundation.framework in Frameworks */,
				2E8E63C016C8786300B47EE9 /* CoreGraphics.framework in Frameworks */,
			);
			runOnlyForDeploymentPostprocessing = 0;
		};
		2E8E63DD16C8786300B47EE9 /* Frameworks */ = {
			isa = PBXFrameworksBuildPhase;
			buildActionMask = 2147483647;
			files = (
				2E8E63E316C8786300B47EE9 /* SenTestingKit.framework in Frameworks */,
				2E8E63E416C8786300B47EE9 /* UIKit.framework in Frameworks */,
				2E8E63E516C8786300B47EE9 /* Foundation.framework in Frameworks */,
			);
			runOnlyForDeploymentPostprocessing = 0;
		};
/* End PBXFrameworksBuildPhase section */

/* Begin PBXGroup section */
		2E51AE0416CC633A00D4EA1C /* HeaderTwo */ = {
			isa = PBXGroup;
			children = (
				2E51AE1716CC7BF300D4EA1C /* Non Retina */,
				2E51AE1616CC7BEE00D4EA1C /* Retina */,
			);
			name = HeaderTwo;
			sourceTree = "<group>";
		};
		2E51AE1616CC7BEE00D4EA1C /* Retina */ = {
			isa = PBXGroup;
			children = (
				2E51AE3A16CC95E900D4EA1C /* grey_shuffle@2x.png */,
				2E51AE2916CC830C00D4EA1C /* white_shuffle@2x.png */,
				2E51AE3616CC95B300D4EA1C /* grey_repeat@2x.png */,
				2E51AE2816CC830C00D4EA1C /* white_repeat@2x.png */,
				2E51AE3816CC95C500D4EA1C /* white_repeat_one@2x.png */,
				2E51AE4216CC974500D4EA1C /* grey_twitter@2x.png */,
				2E51AE2A16CC830C00D4EA1C /* white_twitter@2x.png */,
				2E51AE3E16CC963300D4EA1C /* grey_facebook@2x.png */,
				2E51AE2716CC830C00D4EA1C /* white_facebook@2x.png */,
				2E51AE2616CC830C00D4EA1C /* white_donate@2x.png */,
			);
			name = Retina;
			sourceTree = "<group>";
		};
		2E51AE1716CC7BF300D4EA1C /* Non Retina */ = {
			isa = PBXGroup;
			children = (
				2E51AE3416CC951700D4EA1C /* grey_shuffle.png */,
				2E51AE1F16CC82FC00D4EA1C /* white_shuffle.png */,
				2E51AE3216CC933400D4EA1C /* grey_repeat.png */,
				2E51AE1E16CC82FC00D4EA1C /* white_repeat.png */,
				2E51AE3016CC930D00D4EA1C /* white_repeat_one.png */,
				2E51AE4016CC973E00D4EA1C /* grey_twitter.png */,
				2E51AE2016CC82FC00D4EA1C /* white_twitter.png */,
				2E51AE3C16CC962C00D4EA1C /* grey_facebook.png */,
				2E51AE1D16CC82FC00D4EA1C /* white_facebook.png */,
				2E51AE1C16CC82FC00D4EA1C /* white_donate.png */,
			);
			name = "Non Retina";
			sourceTree = "<group>";
		};
		2E6810A216F195E600C8838A /* Third Party */ = {
			isa = PBXGroup;
			children = (
				2E6810A716F1982600C8838A /* MarqueeLabel.h */,
				2E6810A816F1982600C8838A /* MarqueeLabel.m */,
			);
			name = "Third Party";
			sourceTree = "<group>";
		};
		2E7C29ED16CA2DC0008B117F /* Helper */ = {
			isa = PBXGroup;
			children = (
				2E8E641916C87F2100B47EE9 /* UIView+UIViewExtensions.h */,
				2E8E641A16C87F2100B47EE9 /* UIView+UIViewExtensions.m */,
				2E7C29D716C9CDEF008B117F /* StringFormatter.h */,
				2E7C29D816C9CDEF008B117F /* StringFormatter.m */,
				2E7C29DA16C9D1D3008B117F /* UISliderCustom.h */,
				2E7C29DB16C9D1D4008B117F /* UISliderCustom.m */,
			);
			name = Helper;
			sourceTree = "<group>";
		};
		2E8E63AF16C8786300B47EE9 = {
			isa = PBXGroup;
			children = (
				2E85E21816F1AAA2007DD95D /* Settings.bundle */,
				2E8E63C116C8786300B47EE9 /* NCMusicPlayerAppVersion */,
				2E6810A216F195E600C8838A /* Third Party */,
				2E8E640316C8797C00B47EE9 /* Images */,
				2E8E63E816C8786300B47EE9 /* NCMusicPlayerAppVersionTests */,
				2E8E63BA16C8786300B47EE9 /* Frameworks */,
				2E8E63B916C8786300B47EE9 /* Products */,
			);
			sourceTree = "<group>";
		};
		2E8E63B916C8786300B47EE9 /* Products */ = {
			isa = PBXGroup;
			children = (
				2E8E63B816C8786300B47EE9 /* NCMusicPlayerAppVersion.app */,
				2E8E63E116C8786300B47EE9 /* NCMusicPlayerAppVersionTests.octest */,
			);
			name = Products;
			sourceTree = "<group>";
		};
		2E8E63BA16C8786300B47EE9 /* Frameworks */ = {
			isa = PBXGroup;
			children = (
				2E85E21016F198A5007DD95D /* QuartzCore.framework */,
				2E7C29E516C9DCD7008B117F /* Social.framework */,
				2E8E63F916C8787F00B47EE9 /* MediaPlayer.framework */,
				2E8E63BB16C8786300B47EE9 /* UIKit.framework */,
				2E8E63BD16C8786300B47EE9 /* Foundation.framework */,
				2E8E63BF16C8786300B47EE9 /* CoreGraphics.framework */,
				2E8E63E216C8786300B47EE9 /* SenTestingKit.framework */,
			);
			name = Frameworks;
			sourceTree = "<group>";
		};
		2E8E63C116C8786300B47EE9 /* NCMusicPlayerAppVersion */ = {
			isa = PBXGroup;
			children = (
				2E8E63CA16C8786300B47EE9 /* AppDelegate.h */,
				2E8E63CB16C8786300B47EE9 /* AppDelegate.m */,
				2E8E63D316C8786300B47EE9 /* ViewController.h */,
				2E8E63D416C8786300B47EE9 /* ViewController.m */,
				2E8E63D616C8786300B47EE9 /* ViewController_iPhone.xib */,
				2E8E63D916C8786300B47EE9 /* ViewController_iPad.xib */,
				2E8E63FC16C8789A00B47EE9 /* Custom */,
				2E8E63C216C8786300B47EE9 /* Supporting Files */,
			);
			path = NCMusicPlayerAppVersion;
			sourceTree = "<group>";
		};
		2E8E63C216C8786300B47EE9 /* Supporting Files */ = {
			isa = PBXGroup;
			children = (
				2E8E63C316C8786300B47EE9 /* NCMusicPlayerAppVersion-Info.plist */,
				2E8E63C416C8786300B47EE9 /* InfoPlist.strings */,
				2E8E63C716C8786300B47EE9 /* main.m */,
				2E8E63C916C8786300B47EE9 /* NCMusicPlayerAppVersion-Prefix.pch */,
				2E8E63CD16C8786300B47EE9 /* Default.png */,
				2E8E63CF16C8786300B47EE9 /* Default@2x.png */,
				2E8E63D116C8786300B47EE9 /* Default-568h@2x.png */,
			);
			name = "Supporting Files";
			sourceTree = "<group>";
		};
		2E8E63E816C8786300B47EE9 /* NCMusicPlayerAppVersionTests */ = {
			isa = PBXGroup;
			children = (
				2E8E63EE16C8786300B47EE9 /* NCMusicPlayerAppVersionTests.h */,
				2E8E63EF16C8786300B47EE9 /* NCMusicPlayerAppVersionTests.m */,
				2E8E63E916C8786300B47EE9 /* Supporting Files */,
			);
			path = NCMusicPlayerAppVersionTests;
			sourceTree = "<group>";
		};
		2E8E63E916C8786300B47EE9 /* Supporting Files */ = {
			isa = PBXGroup;
			children = (
				2E8E63EA16C8786300B47EE9 /* NCMusicPlayerAppVersionTests-Info.plist */,
				2E8E63EB16C8786300B47EE9 /* InfoPlist.strings */,
			);
			name = "Supporting Files";
			sourceTree = "<group>";
		};
		2E8E63FC16C8789A00B47EE9 /* Custom */ = {
			isa = PBXGroup;
			children = (
				2E8E63FD16C878A900B47EE9 /* NCMusicGesturesView.h */,
				2E8E63FE16C878A900B47EE9 /* NCMusicGesturesView.m */,
				2E7C29ED16CA2DC0008B117F /* Helper */,
			);
			name = Custom;
			sourceTree = "<group>";
		};
		2E8E640316C8797C00B47EE9 /* Images */ = {
			isa = PBXGroup;
			children = (
				2E51AE1816CC7D9900D4EA1C /* white_cloud.png */,
				2E51AE1A16CC7DA000D4EA1C /* white_cloud@2x.png */,
				2E51AE0E16CC776700D4EA1C /* cddisc.png */,
				2E51AE1416CC794B00D4EA1C /* cddisc@2x.png */,
				2E51AE0416CC633A00D4EA1C /* HeaderTwo */,
				2E8E640E16C879DA00B47EE9 /* WeeAppBackground.png */,
				2E8E640F16C879DA00B47EE9 /* WeeAppBackground@2x.png */,
			);
			name = Images;
			path = NCMusicPlayerAppVersion;
			sourceTree = "<group>";
		};
/* End PBXGroup section */

/* Begin PBXNativeTarget section */
		2E8E63B716C8786300B47EE9 /* NCMusicPlayerAppVersion */ = {
			isa = PBXNativeTarget;
			buildConfigurationList = 2E8E63F316C8786300B47EE9 /* Build configuration list for PBXNativeTarget "NCMusicPlayerAppVersion" */;
			buildPhases = (
				2E8E63B416C8786300B47EE9 /* Sources */,
				2E8E63B516C8786300B47EE9 /* Frameworks */,
				2E8E63B616C8786300B47EE9 /* Resources */,
			);
			buildRules = (
			);
			dependencies = (
			);
			name = NCMusicPlayerAppVersion;
			productName = NCMusicPlayerAppVersion;
			productReference = 2E8E63B816C8786300B47EE9 /* NCMusicPlayerAppVersion.app */;
			productType = "com.apple.product-type.application";
		};
		2E8E63E016C8786300B47EE9 /* NCMusicPlayerAppVersionTests */ = {
			isa = PBXNativeTarget;
			buildConfigurationList = 2E8E63F616C8786300B47EE9 /* Build configuration list for PBXNativeTarget "NCMusicPlayerAppVersionTests" */;
			buildPhases = (
				2E8E63DC16C8786300B47EE9 /* Sources */,
				2E8E63DD16C8786300B47EE9 /* Frameworks */,
				2E8E63DE16C8786300B47EE9 /* Resources */,
				2E8E63DF16C8786300B47EE9 /* ShellScript */,
			);
			buildRules = (
			);
			dependencies = (
				2E8E63E716C8786300B47EE9 /* PBXTargetDependency */,
			);
			name = NCMusicPlayerAppVersionTests;
			productName = NCMusicPlayerAppVersionTests;
			productReference = 2E8E63E116C8786300B47EE9 /* NCMusicPlayerAppVersionTests.octest */;
			productType = "com.apple.product-type.bundle";
		};
/* End PBXNativeTarget section */

/* Begin PBXProject section */
		2E8E63B016C8786300B47EE9 /* Project object */ = {
			isa = PBXProject;
			attributes = {
				LastUpgradeCheck = 0460;
				ORGANIZATIONNAME = "Pat Sluth";
			};
			buildConfigurationList = 2E8E63B316C8786300B47EE9 /* Build configuration list for PBXProject "NCMusicPlayerAppVersion" */;
			compatibilityVersion = "Xcode 3.2";
			developmentRegion = English;
			hasScannedForEncodings = 0;
			knownRegions = (
				en,
			);
			mainGroup = 2E8E63AF16C8786300B47EE9;
			productRefGroup = 2E8E63B916C8786300B47EE9 /* Products */;
			projectDirPath = "";
			projectRoot = "";
			targets = (
				2E8E63B716C8786300B47EE9 /* NCMusicPlayerAppVersion */,
				2E8E63E016C8786300B47EE9 /* NCMusicPlayerAppVersionTests */,
			);
		};
/* End PBXProject section */

/* Begin PBXResourcesBuildPhase section */
		2E8E63B616C8786300B47EE9 /* Resources */ = {
			isa = PBXResourcesBuildPhase;
			buildActionMask = 2147483647;
			files = (
				2E8E63C616C8786300B47EE9 /* InfoPlist.strings in Resources */,
				2E8E63CE16C8786300B47EE9 /* Default.png in Resources */,
				2E8E63D016C8786300B47EE9 /* Default@2x.png in Resources */,
				2E8E63D216C8786300B47EE9 /* Default-568h@2x.png in Resources */,
				2E8E63D816C8786300B47EE9 /* ViewController_iPhone.xib in Resources */,
				2E8E63DB16C8786300B47EE9 /* ViewController_iPad.xib in Resources */,
				2E9E01B016C8878B00EDCA67 /* WeeAppBackground.png in Resources */,
				2E9E01B116C8878D00EDCA67 /* WeeAppBackground@2x.png in Resources */,
				2E51AE1016CC776700D4EA1C /* cddisc.png in Resources */,
				2E51AE1516CC794B00D4EA1C /* cddisc@2x.png in Resources */,
				2E51AE1916CC7D9900D4EA1C /* white_cloud.png in Resources */,
				2E51AE1B16CC7DA000D4EA1C /* white_cloud@2x.png in Resources */,
				2E51AE2116CC82FC00D4EA1C /* white_donate.png in Resources */,
				2E51AE2216CC82FC00D4EA1C /* white_facebook.png in Resources */,
				2E51AE2316CC82FC00D4EA1C /* white_repeat.png in Resources */,
				2E51AE2416CC82FC00D4EA1C /* white_shuffle.png in Resources */,
				2E51AE2516CC82FC00D4EA1C /* white_twitter.png in Resources */,
				2E51AE2B16CC830C00D4EA1C /* white_donate@2x.png in Resources */,
				2E51AE2C16CC830C00D4EA1C /* white_facebook@2x.png in Resources */,
				2E51AE2D16CC830C00D4EA1C /* white_repeat@2x.png in Resources */,
				2E51AE2E16CC830C00D4EA1C /* white_shuffle@2x.png in Resources */,
				2E51AE2F16CC830C00D4EA1C /* white_twitter@2x.png in Resources */,
				2E51AE3116CC930D00D4EA1C /* white_repeat_one.png in Resources */,
				2E51AE3316CC933400D4EA1C /* grey_repeat.png in Resources */,
				2E51AE3516CC951700D4EA1C /* grey_shuffle.png in Resources */,
				2E51AE3716CC95B300D4EA1C /* grey_repeat@2x.png in Resources */,
				2E51AE3916CC95C500D4EA1C /* white_repeat_one@2x.png in Resources */,
				2E51AE3B16CC95E900D4EA1C /* grey_shuffle@2x.png in Resources */,
				2E51AE3D16CC962C00D4EA1C /* grey_facebook.png in Resources */,
				2E51AE3F16CC963300D4EA1C /* grey_facebook@2x.png in Resources */,
				2E51AE4116CC973E00D4EA1C /* grey_twitter.png in Resources */,
				2E51AE4316CC974500D4EA1C /* grey_twitter@2x.png in Resources */,
				2E85E21916F1AAA2007DD95D /* Settings.bundle in Resources */,
			);
			runOnlyForDeploymentPostprocessing = 0;
		};
		2E8E63DE16C8786300B47EE9 /* Resources */ = {
			isa = PBXResourcesBuildPhase;
			buildActionMask = 2147483647;
			files = (
				2E8E63ED16C8786300B47EE9 /* InfoPlist.strings in Resources */,
				2E8E641116C879DA00B47EE9 /* WeeAppBackground.png in Resources */,
				2E8E641216C879DA00B47EE9 /* WeeAppBackground@2x.png in Resources */,
			);
			runOnlyForDeploymentPostprocessing = 0;
		};
/* End PBXResourcesBuildPhase section */

/* Begin PBXShellScriptBuildPhase section */
		2E8E63DF16C8786300B47EE9 /* ShellScript */ = {
			isa = PBXShellScriptBuildPhase;
			buildActionMask = 2147483647;
			files = (
			);
			inputPaths = (
			);
			outputPaths = (
			);
			runOnlyForDeploymentPostprocessing = 0;
			shellPath = /bin/sh;
			shellScript = "# Run the unit tests in this test bundle.\n\"${SYSTEM_DEVELOPER_DIR}/Tools/RunUnitTests\"\n";
		};
/* End PBXShellScriptBuildPhase section */

/* Begin PBXSourcesBuildPhase section */
		2E8E63B416C8786300B47EE9 /* Sources */ = {
			isa = PBXSourcesBuildPhase;
			buildActionMask = 2147483647;
			files = (
				2E8E63C816C8786300B47EE9 /* main.m in Sources */,
				2E8E63CC16C8786300B47EE9 /* AppDelegate.m in Sources */,
				2E8E63D516C8786300B47EE9 /* ViewController.m in Sources */,
				2E8E63FF16C878A900B47EE9 /* NCMusicGesturesView.m in Sources */,
				2E8E641B16C87F2100B47EE9 /* UIView+UIViewExtensions.m in Sources */,
				2E7C29D916C9CDEF008B117F /* StringFormatter.m in Sources */,
				2E7C29DC16C9D1D4008B117F /* UISliderCustom.m in Sources */,
				2E6810A916F1982600C8838A /* MarqueeLabel.m in Sources */,
			);
			runOnlyForDeploymentPostprocessing = 0;
		};
		2E8E63DC16C8786300B47EE9 /* Sources */ = {
			isa = PBXSourcesBuildPhase;
			buildActionMask = 2147483647;
			files = (
				2E8E63F016C8786300B47EE9 /* NCMusicPlayerAppVersionTests.m in Sources */,
				2E8E641C16C87F2100B47EE9 /* UIView+UIViewExtensions.m in Sources */,
				2E6810AA16F1982600C8838A /* MarqueeLabel.m in Sources */,
			);
			runOnlyForDeploymentPostprocessing = 0;
		};
/* End PBXSourcesBuildPhase section */

/* Begin PBXTargetDependency section */
		2E8E63E716C8786300B47EE9 /* PBXTargetDependency */ = {
			isa = PBXTargetDependency;
			target = 2E8E63B716C8786300B47EE9 /* NCMusicPlayerAppVersion */;
			targetProxy = 2E8E63E616C8786300B47EE9 /* PBXContainerItemProxy */;
		};
/* End PBXTargetDependency section */

/* Begin PBXVariantGroup section */
		2E8E63C416C8786300B47EE9 /* InfoPlist.strings */ = {
			isa = PBXVariantGroup;
			children = (
				2E8E63C516C8786300B47EE9 /* en */,
			);
			name = InfoPlist.strings;
			sourceTree = "<group>";
		};
		2E8E63D616C8786300B47EE9 /* ViewController_iPhone.xib */ = {
			isa = PBXVariantGroup;
			children = (
				2E8E63D716C8786300B47EE9 /* en */,
			);
			name = ViewController_iPhone.xib;
			sourceTree = "<group>";
		};
		2E8E63D916C8786300B47EE9 /* ViewController_iPad.xib */ = {
			isa = PBXVariantGroup;
			children = (
				2E8E63DA16C8786300B47EE9 /* en */,
			);
			name = ViewController_iPad.xib;
			sourceTree = "<group>";
		};
		2E8E63EB16C8786300B47EE9 /* InfoPlist.strings */ = {
			isa = PBXVariantGroup;
			children = (
				2E8E63EC16C8786300B47EE9 /* en */,
			);
			name = InfoPlist.strings;
			sourceTree = "<group>";
		};
/* End PBXVariantGroup section */

/* Begin XCBuildConfiguration section */
		2E8E63F116C8786300B47EE9 /* Debug */ = {
			isa = XCBuildConfiguration;
			buildSettings = {
				ALWAYS_SEARCH_USER_PATHS = NO;
				CLANG_CXX_LANGUAGE_STANDARD = "gnu++0x";
				CLANG_CXX_LIBRARY = "libc++";
				CLANG_WARN_CONSTANT_CONVERSION = YES;
				CLANG_WARN_EMPTY_BODY = YES;
				CLANG_WARN_ENUM_CONVERSION = YES;
				CLANG_WARN_INT_CONVERSION = YES;
				CLANG_WARN__DUPLICATE_METHOD_MATCH = YES;
				"CODE_SIGN_IDENTITY[sdk=iphoneos*]" = "iPhone Developer";
				COPY_PHASE_STRIP = NO;
				GCC_C_LANGUAGE_STANDARD = gnu99;
				GCC_DYNAMIC_NO_PIC = NO;
				GCC_OPTIMIZATION_LEVEL = 0;
				GCC_PREPROCESSOR_DEFINITIONS = (
					"DEBUG=1",
					"$(inherited)",
				);
				GCC_SYMBOLS_PRIVATE_EXTERN = NO;
				GCC_WARN_ABOUT_RETURN_TYPE = YES;
				GCC_WARN_UNINITIALIZED_AUTOS = YES;
				GCC_WARN_UNUSED_VARIABLE = YES;
				IPHONEOS_DEPLOYMENT_TARGET = 6.1;
				ONLY_ACTIVE_ARCH = YES;
				SDKROOT = iphoneos;
				TARGETED_DEVICE_FAMILY = "1,2";
			};
			name = Debug;
		};
		2E8E63F216C8786300B47EE9 /* Release */ = {
			isa = XCBuildConfiguration;
			buildSettings = {
				ALWAYS_SEARCH_USER_PATHS = NO;
				CLANG_CXX_LANGUAGE_STANDARD = "gnu++0x";
				CLANG_CXX_LIBRARY = "libc++";
				CLANG_WARN_CONSTANT_CONVERSION = YES;
				CLANG_WARN_EMPTY_BODY = YES;
				CLANG_WARN_ENUM_CONVERSION = YES;
				CLANG_WARN_INT_CONVERSION = YES;
				CLANG_WARN__DUPLICATE_METHOD_MATCH = YES;
				"CODE_SIGN_IDENTITY[sdk=iphoneos*]" = "iPhone Developer";
				COPY_PHASE_STRIP = YES;
				GCC_C_LANGUAGE_STANDARD = gnu99;
				GCC_WARN_ABOUT_RETURN_TYPE = YES;
				GCC_WARN_UNINITIALIZED_AUTOS = YES;
				GCC_WARN_UNUSED_VARIABLE = YES;
				IPHONEOS_DEPLOYMENT_TARGET = 6.1;
				OTHER_CFLAGS = "-DNS_BLOCK_ASSERTIONS=1";
				SDKROOT = iphoneos;
				TARGETED_DEVICE_FAMILY = "1,2";
				VALIDATE_PRODUCT = YES;
			};
			name = Release;
		};
		2E8E63F416C8786300B47EE9 /* Debug */ = {
			isa = XCBuildConfiguration;
			buildSettings = {
				CODE_SIGN_IDENTITY = "iPhone Developer: Pat Sluth (P5B3H5K98V)";
				"CODE_SIGN_IDENTITY[sdk=iphoneos*]" = "iPhone Developer";
				GCC_PRECOMPILE_PREFIX_HEADER = YES;
				GCC_PREFIX_HEADER = "NCMusicPlayerAppVersion/NCMusicPlayerAppVersion-Prefix.pch";
				INFOPLIST_FILE = "NCMusicPlayerAppVersion/NCMusicPlayerAppVersion-Info.plist";
				PRODUCT_NAME = "$(TARGET_NAME)";
				PROVISIONING_PROFILE = "";
				"PROVISIONING_PROFILE[sdk=iphoneos*]" = "";
				WRAPPER_EXTENSION = app;
			};
			name = Debug;
		};
		2E8E63F516C8786300B47EE9 /* Release */ = {
			isa = XCBuildConfiguration;
			buildSettings = {
				CODE_SIGN_IDENTITY = "iPhone Developer: Pat Sluth (P5B3H5K98V)";
				"CODE_SIGN_IDENTITY[sdk=iphoneos*]" = "iPhone Developer";
				GCC_PRECOMPILE_PREFIX_HEADER = YES;
				GCC_PREFIX_HEADER = "NCMusicPlayerAppVersion/NCMusicPlayerAppVersion-Prefix.pch";
				INFOPLIST_FILE = "NCMusicPlayerAppVersion/NCMusicPlayerAppVersion-Info.plist";
				PRODUCT_NAME = "$(TARGET_NAME)";
				PROVISIONING_PROFILE = "";
				"PROVISIONING_PROFILE[sdk=iphoneos*]" = "";
				WRAPPER_EXTENSION = app;
			};
			name = Release;
		};
		2E8E63F716C8786300B47EE9 /* Debug */ = {
			isa = XCBuildConfiguration;
			buildSettings = {
				BUNDLE_LOADER = "$(BUILT_PRODUCTS_DIR)/NCMusicPlayerAppVersion.app/NCMusicPlayerAppVersion";
				FRAMEWORK_SEARCH_PATHS = (
					"\"$(SDKROOT)/Developer/Library/Frameworks\"",
					"\"$(DEVELOPER_LIBRARY_DIR)/Frameworks\"",
				);
				GCC_PRECOMPILE_PREFIX_HEADER = YES;
				GCC_PREFIX_HEADER = "NCMusicPlayerAppVersion/NCMusicPlayerAppVersion-Prefix.pch";
				INFOPLIST_FILE = "NCMusicPlayerAppVersionTests/NCMusicPlayerAppVersionTests-Info.plist";
				PRODUCT_NAME = "$(TARGET_NAME)";
				TEST_HOST = "$(BUNDLE_LOADER)";
				WRAPPER_EXTENSION = octest;
			};
			name = Debug;
		};
		2E8E63F816C8786300B47EE9 /* Release */ = {
			isa = XCBuildConfiguration;
			buildSettings = {
				BUNDLE_LOADER = "$(BUILT_PRODUCTS_DIR)/NCMusicPlayerAppVersion.app/NCMusicPlayerAppVersion";
				FRAMEWORK_SEARCH_PATHS = (
					"\"$(SDKROOT)/Developer/Library/Frameworks\"",
					"\"$(DEVELOPER_LIBRARY_DIR)/Frameworks\"",
				);
				GCC_PRECOMPILE_PREFIX_HEADER = YES;
				GCC_PREFIX_HEADER = "NCMusicPlayerAppVersion/NCMusicPlayerAppVersion-Prefix.pch";
				INFOPLIST_FILE = "NCMusicPlayerAppVersionTests/NCMusicPlayerAppVersionTests-Info.plist";
				PRODUCT_NAME = "$(TARGET_NAME)";
				TEST_HOST = "$(BUNDLE_LOADER)";
				WRAPPER_EXTENSION = octest;
			};
			name = Release;
		};
/* End XCBuildConfiguration section */

/* Begin XCConfigurationList section */
		2E8E63B316C8786300B47EE9 /* Build configuration list for PBXProject "NCMusicPlayerAppVersion" */ = {
			isa = XCConfigurationList;
			buildConfigurations = (
				2E8E63F116C8786300B47EE9 /* Debug */,
				2E8E63F216C8786300B47EE9 /* Release */,
			);
			defaultConfigurationIsVisible = 0;
			defaultConfigurationName = Release;
		};
		2E8E63F316C8786300B47EE9 /* Build configuration list for PBXNativeTarget "NCMusicPlayerAppVersion" */ = {
			isa = XCConfigurationList;
			buildConfigurations = (
				2E8E63F416C8786300B47EE9 /* Debug */,
				2E8E63F516C8786300B47EE9 /* Release */,
			);
			defaultConfigurationIsVisible = 0;
			defaultConfigurationName = Release;
		};
		2E8E63F616C8786300B47EE9 /* Build configuration list for PBXNativeTarget "NCMusicPlayerAppVersionTests" */ = {
			isa = XCConfigurationList;
			buildConfigurations = (
				2E8E63F716C8786300B47EE9 /* Debug */,
				2E8E63F816C8786300B47EE9 /* Release */,
			);
			defaultConfigurationIsVisible = 0;
			defaultConfigurationName = Release;
		};
/* End XCConfigurationList section */
	};
	rootObject = 2E8E63B016C8786300B47EE9 /* Project object */;
}
